// !$*UTF8*$!
{
	archiveVersion = 1;
	classes = {
	};
	objectVersion = 56;
	objects = {

/* Begin PBXBuildFile section */
		532092C72B2A2BCB0001BB8F /* HomeView_MMP.swift in Sources */ = {isa = PBXBuildFile; fileRef = 532092C62B2A2BCB0001BB8F /* HomeView_MMP.swift */; };
		532092C92B2A2F7F0001BB8F /* ScrollViewFitContent.swift in Sources */ = {isa = PBXBuildFile; fileRef = 532092C82B2A2F7F0001BB8F /* ScrollViewFitContent.swift */; };
		5330CB662B2DBEE90054EC33 /* DisabledWithOpacity_MMP.swift in Sources */ = {isa = PBXBuildFile; fileRef = 5330CB652B2DBEE90054EC33 /* DisabledWithOpacity_MMP.swift */; };
		533285EA2B2F2E6800CD087D /* MyWorks+CoreDataClass.swift in Sources */ = {isa = PBXBuildFile; fileRef = 533285E82B2F2E6800CD087D /* MyWorks+CoreDataClass.swift */; };
		533285EB2B2F2E6800CD087D /* MyWorks+CoreDataProperties.swift in Sources */ = {isa = PBXBuildFile; fileRef = 533285E92B2F2E6800CD087D /* MyWorks+CoreDataProperties.swift */; };
		533285ED2B2F2ECA00CD087D /* EditorHomeMyWorkView_MMP.swift in Sources */ = {isa = PBXBuildFile; fileRef = 533285EC2B2F2ECA00CD087D /* EditorHomeMyWorkView_MMP.swift */; };
		533285F22B2F452800CD087D /* EditorMistTemplates_MMP.swift in Sources */ = {isa = PBXBuildFile; fileRef = 533285F12B2F452800CD087D /* EditorMistTemplates_MMP.swift */; };
		533285F42B2F4B5200CD087D /* EditorColider_MMP.swift in Sources */ = {isa = PBXBuildFile; fileRef = 533285F32B2F4B5200CD087D /* EditorColider_MMP.swift */; };
		5334C1F02B2B1293002A7E40 /* Mitr-Medium.ttf in Resources */ = {isa = PBXBuildFile; fileRef = 5334C1EF2B2B1293002A7E40 /* Mitr-Medium.ttf */; };
		5334C1F22B2B2450002A7E40 /* OverFullScreenUIKit.swift in Sources */ = {isa = PBXBuildFile; fileRef = 5334C1F12B2B2450002A7E40 /* OverFullScreenUIKit.swift */; };
		5334C1F52B2B285B002A7E40 /* ParentMO+CoreDataClass.swift in Sources */ = {isa = PBXBuildFile; fileRef = 5334C1F32B2B285B002A7E40 /* ParentMO+CoreDataClass.swift */; };
		5334C1F62B2B285B002A7E40 /* ParentMO+CoreDataProperties.swift in Sources */ = {isa = PBXBuildFile; fileRef = 5334C1F42B2B285B002A7E40 /* ParentMO+CoreDataProperties.swift */; };
		5334E0CD2B2A630900FF8650 /* DynamicFetchView.swift in Sources */ = {isa = PBXBuildFile; fileRef = 5334E0CC2B2A630900FF8650 /* DynamicFetchView.swift */; };
		5334E0CF2B2B00F500FF8650 /* FilterView_MMP.swift in Sources */ = {isa = PBXBuildFile; fileRef = 5334E0CE2B2B00F500FF8650 /* FilterView_MMP.swift */; };
		533AFD8C2B2A3E7500CC63E4 /* SearchTextField_MMP.swift in Sources */ = {isa = PBXBuildFile; fileRef = 533AFD8B2B2A3E7500CC63E4 /* SearchTextField_MMP.swift */; };
		533AFD8E2B2A473700CC63E4 /* SF-Pro-Display-Black.otf in Resources */ = {isa = PBXBuildFile; fileRef = 533AFD8D2B2A473700CC63E4 /* SF-Pro-Display-Black.otf */; };
		533AFD902B2A4AC300CC63E4 /* RoundedRectangle_MMP.swift in Sources */ = {isa = PBXBuildFile; fileRef = 533AFD8F2B2A4AC300CC63E4 /* RoundedRectangle_MMP.swift */; };
		533AFD922B2A4BE700CC63E4 /* SectionButton.swift in Sources */ = {isa = PBXBuildFile; fileRef = 533AFD912B2A4BE700CC63E4 /* SectionButton.swift */; };
		533AFD942B2A4CA600CC63E4 /* CategoryGrid_MMP.swift in Sources */ = {isa = PBXBuildFile; fileRef = 533AFD932B2A4CA600CC63E4 /* CategoryGrid_MMP.swift */; };
		5362C64E2B2E3E7E000FD37B /* FavoritesView_MMP.swift in Sources */ = {isa = PBXBuildFile; fileRef = 5362C64D2B2E3E7E000FD37B /* FavoritesView_MMP.swift */; };
		5362C6502B2E3E8B000FD37B /* FavoritesDetailView.swift in Sources */ = {isa = PBXBuildFile; fileRef = 5362C64F2B2E3E8B000FD37B /* FavoritesDetailView.swift */; };
		5362C6532B2E4332000FD37B /* SettingsView.swift in Sources */ = {isa = PBXBuildFile; fileRef = 5362C6522B2E4332000FD37B /* SettingsView.swift */; };
		5362C6552B2EF4F1000FD37B /* EditorContentType.swift in Sources */ = {isa = PBXBuildFile; fileRef = 5362C6542B2EF4F1000FD37B /* EditorContentType.swift */; };
		5362C65A2B2F00F5000FD37B /* EditorHomeView_MMP.swift in Sources */ = {isa = PBXBuildFile; fileRef = 5362C6592B2F00F5000FD37B /* EditorHomeView_MMP.swift */; };
		5362C65D2B2F02B1000FD37B /* EditorSectionButton.swift in Sources */ = {isa = PBXBuildFile; fileRef = 5362C65C2B2F02B1000FD37B /* EditorSectionButton.swift */; };
		5362C65F2B2F038A000FD37B /* EditorListView_MMP.swift in Sources */ = {isa = PBXBuildFile; fileRef = 5362C65E2B2F038A000FD37B /* EditorListView_MMP.swift */; };
		5362C6652B2F146B000FD37B /* EditorView_MMP.swift in Sources */ = {isa = PBXBuildFile; fileRef = 5362C6642B2F146B000FD37B /* EditorView_MMP.swift */; };
		5362C6672B2F1512000FD37B /* DropDown_MMP.swift in Sources */ = {isa = PBXBuildFile; fileRef = 5362C6662B2F1512000FD37B /* DropDown_MMP.swift */; };
		5362C66A2B2F2409000FD37B /* EditorController_MMP.swift in Sources */ = {isa = PBXBuildFile; fileRef = 5362C6692B2F2409000FD37B /* EditorController_MMP.swift */; };
		53793E032B2CC4B100FC161E /* HomeDetailView_MMP.swift in Sources */ = {isa = PBXBuildFile; fileRef = 53793E022B2CC4B100FC161E /* HomeDetailView_MMP.swift */; };
		53793E052B2CC70500FC161E /* RectangleButton_MMP.swift in Sources */ = {isa = PBXBuildFile; fileRef = 53793E042B2CC70500FC161E /* RectangleButton_MMP.swift */; };
		53793E082B2CCE9A00FC161E /* HomeListView_MMP.swift in Sources */ = {isa = PBXBuildFile; fileRef = 53793E072B2CCE9A00FC161E /* HomeListView_MMP.swift */; };
		539627612B31FFB00012BF3A /* Binding+Ext.swift in Sources */ = {isa = PBXBuildFile; fileRef = 539627602B31FFB00012BF3A /* Binding+Ext.swift */; };
		539627632B3203270012BF3A /* TempEditorModel.swift in Sources */ = {isa = PBXBuildFile; fileRef = 539627622B3203270012BF3A /* TempEditorModel.swift */; };
		53AA0C9D2B29060500382D92 /* TabView_MMP+Appearance.swift in Sources */ = {isa = PBXBuildFile; fileRef = 53AA0C9C2B29060500382D92 /* TabView_MMP+Appearance.swift */; };
		53AA0CA32B290ACB00382D92 /* SF-Pro-Display-Medium.otf in Resources */ = {isa = PBXBuildFile; fileRef = 53AA0C9E2B290ACB00382D92 /* SF-Pro-Display-Medium.otf */; };
		53AA0CA42B290ACB00382D92 /* SF-Pro-Display-Regular.otf in Resources */ = {isa = PBXBuildFile; fileRef = 53AA0C9F2B290ACB00382D92 /* SF-Pro-Display-Regular.otf */; };
		53AA0CA52B290ACB00382D92 /* SF-Pro-Display-Light.otf in Resources */ = {isa = PBXBuildFile; fileRef = 53AA0CA02B290ACB00382D92 /* SF-Pro-Display-Light.otf */; };
		53AA0CA62B290ACB00382D92 /* SF-Pro-Display-Bold.otf in Resources */ = {isa = PBXBuildFile; fileRef = 53AA0CA12B290ACB00382D92 /* SF-Pro-Display-Bold.otf */; };
		53AA0CA72B290ACB00382D92 /* SF-Pro-Display-Semibold.otf in Resources */ = {isa = PBXBuildFile; fileRef = 53AA0CA22B290ACB00382D92 /* SF-Pro-Display-Semibold.otf */; };
		53B713B52B2DFE8500F10F56 /* SkinsListView_MMP.swift in Sources */ = {isa = PBXBuildFile; fileRef = 53B713B42B2DFE8500F10F56 /* SkinsListView_MMP.swift */; };
		53C2A2522B2F95A400376BD8 /* EditorListRowView.swift in Sources */ = {isa = PBXBuildFile; fileRef = 53C2A2512B2F95A400376BD8 /* EditorListRowView.swift */; };
		53C2A2552B308C2700376BD8 /* HomeDetailCardView_MMP.swift in Sources */ = {isa = PBXBuildFile; fileRef = 53C2A2542B308C2700376BD8 /* HomeDetailCardView_MMP.swift */; };
		53C5589A2B30CC720051F342 /* CustomSlider_MMP.swift in Sources */ = {isa = PBXBuildFile; fileRef = 53C558992B30CC720051F342 /* CustomSlider_MMP.swift */; };
		53D7EADD2B31A1B6005534EB /* CustomTabBar.swift in Sources */ = {isa = PBXBuildFile; fileRef = 53D7EADC2B31A1B6005534EB /* CustomTabBar.swift */; };
		53ED788E2B28F8DE00952BA8 /* CategoriesMO+CoreDataClass.swift in Sources */ = {isa = PBXBuildFile; fileRef = 53ED78822B28F8DE00952BA8 /* CategoriesMO+CoreDataClass.swift */; };
		53ED788F2B28F8DE00952BA8 /* SkinsMO+CoreDataClass.swift in Sources */ = {isa = PBXBuildFile; fileRef = 53ED78832B28F8DE00952BA8 /* SkinsMO+CoreDataClass.swift */; };
		53ED78902B28F8DE00952BA8 /* EditorMO+CoreDataProperties.swift in Sources */ = {isa = PBXBuildFile; fileRef = 53ED78842B28F8DE00952BA8 /* EditorMO+CoreDataProperties.swift */; };
		53ED78912B28F8DE00952BA8 /* ItemsMO+CoreDataClass.swift in Sources */ = {isa = PBXBuildFile; fileRef = 53ED78852B28F8DE00952BA8 /* ItemsMO+CoreDataClass.swift */; };
		53ED78922B28F8DE00952BA8 /* CategoriesMO+CoreDataProperties.swift in Sources */ = {isa = PBXBuildFile; fileRef = 53ED78862B28F8DE00952BA8 /* CategoriesMO+CoreDataProperties.swift */; };
		53ED78932B28F8DE00952BA8 /* SkinsMO+CoreDataProperties.swift in Sources */ = {isa = PBXBuildFile; fileRef = 53ED78872B28F8DE00952BA8 /* SkinsMO+CoreDataProperties.swift */; };
		53ED78942B28F8DE00952BA8 /* EditorMO+CoreDataClass.swift in Sources */ = {isa = PBXBuildFile; fileRef = 53ED78882B28F8DE00952BA8 /* EditorMO+CoreDataClass.swift */; };
		53ED78952B28F8DE00952BA8 /* ItemsMO+CoreDataProperties.swift in Sources */ = {isa = PBXBuildFile; fileRef = 53ED78892B28F8DE00952BA8 /* ItemsMO+CoreDataProperties.swift */; };
		53ED78962B28F8DE00952BA8 /* ModsMO+CoreDataClass.swift in Sources */ = {isa = PBXBuildFile; fileRef = 53ED788A2B28F8DE00952BA8 /* ModsMO+CoreDataClass.swift */; };
		53ED78982B28F8DE00952BA8 /* ModsMO+CoreDataProperties.swift in Sources */ = {isa = PBXBuildFile; fileRef = 53ED788C2B28F8DE00952BA8 /* ModsMO+CoreDataProperties.swift */; };
		53ED789C2B28F9C300952BA8 /* LocalModel_MMP.swift in Sources */ = {isa = PBXBuildFile; fileRef = 53ED789B2B28F9C300952BA8 /* LocalModel_MMP.swift */; };
		53ED78A22B29028D00952BA8 /* TabFlowView.swift in Sources */ = {isa = PBXBuildFile; fileRef = 53ED78A12B29028D00952BA8 /* TabFlowView.swift */; };
		53EDB83E2B2F52350009E0E5 /* EditorSetTexture_MMP.swift in Sources */ = {isa = PBXBuildFile; fileRef = 53EDB83D2B2F52350009E0E5 /* EditorSetTexture_MMP.swift */; };
		53EDB8402B2F56C30009E0E5 /* EditorProperty_MMP.swift in Sources */ = {isa = PBXBuildFile; fileRef = 53EDB83F2B2F56C30009E0E5 /* EditorProperty_MMP.swift */; };
		53EDB8422B2F65010009E0E5 /* PhotoPicker_MMP.swift in Sources */ = {isa = PBXBuildFile; fileRef = 53EDB8412B2F65010009E0E5 /* PhotoPicker_MMP.swift */; };
		53FE7FE02B2790B700AAD9B6 /* mods_for_melon_playgorundApp.swift in Sources */ = {isa = PBXBuildFile; fileRef = 53FE7FDF2B2790B700AAD9B6 /* mods_for_melon_playgorundApp.swift */; };
		53FE7FE22B2790B700AAD9B6 /* ContentView.swift in Sources */ = {isa = PBXBuildFile; fileRef = 53FE7FE12B2790B700AAD9B6 /* ContentView.swift */; };
		53FE7FE42B2790B800AAD9B6 /* Assets.xcassets in Resources */ = {isa = PBXBuildFile; fileRef = 53FE7FE32B2790B800AAD9B6 /* Assets.xcassets */; };
		53FE7FE72B2790B800AAD9B6 /* Preview Assets.xcassets in Resources */ = {isa = PBXBuildFile; fileRef = 53FE7FE62B2790B800AAD9B6 /* Preview Assets.xcassets */; };
		53FE7FEC2B2790B800AAD9B6 /* mods_for_melon_playgorund.xcdatamodeld in Sources */ = {isa = PBXBuildFile; fileRef = 53FE7FEA2B2790B800AAD9B6 /* mods_for_melon_playgorund.xcdatamodeld */; };
		53FE7FF42B27925B00AAD9B6 /* SwiftyDropbox in Frameworks */ = {isa = PBXBuildFile; productRef = 53FE7FF32B27925B00AAD9B6 /* SwiftyDropbox */; };
		53FE7FF72B27926700AAD9B6 /* DataCache in Frameworks */ = {isa = PBXBuildFile; productRef = 53FE7FF62B27926700AAD9B6 /* DataCache */; };
		53FE7FFA2B27927D00AAD9B6 /* Resolver in Frameworks */ = {isa = PBXBuildFile; productRef = 53FE7FF92B27927D00AAD9B6 /* Resolver */; };
		53FE7FFD2B27928B00AAD9B6 /* FlowStacks in Frameworks */ = {isa = PBXBuildFile; productRef = 53FE7FFC2B27928B00AAD9B6 /* FlowStacks */; };
		53FE80002B2792AB00AAD9B6 /* Adjust in Frameworks */ = {isa = PBXBuildFile; productRef = 53FE7FFF2B2792AA00AAD9B6 /* Adjust */; };
		53FE80032B2792BC00AAD9B6 /* Pushwoosh in Frameworks */ = {isa = PBXBuildFile; productRef = 53FE80022B2792BC00AAD9B6 /* Pushwoosh */; };
		53FE800D2B27953500AAD9B6 /* NotificationService.swift in Sources */ = {isa = PBXBuildFile; fileRef = 53FE800C2B27953500AAD9B6 /* NotificationService.swift */; };
		53FE80112B27953500AAD9B6 /* NotificationService.appex in Embed Foundation Extensions */ = {isa = PBXBuildFile; fileRef = 53FE800A2B27953500AAD9B6 /* NotificationService.appex */; settings = {ATTRIBUTES = (RemoveHeadersOnCopy, ); }; };
		53FE80442B27972C00AAD9B6 /* Closure_MMP+Ext.swift in Sources */ = {isa = PBXBuildFile; fileRef = 53FE801B2B27972C00AAD9B6 /* Closure_MMP+Ext.swift */; };
		53FE80462B27972C00AAD9B6 /* ForEach_MMP+Ext.swift in Sources */ = {isa = PBXBuildFile; fileRef = 53FE801D2B27972C00AAD9B6 /* ForEach_MMP+Ext.swift */; };
		53FE80472B27972C00AAD9B6 /* UIApplication_MMP+Ext.swift in Sources */ = {isa = PBXBuildFile; fileRef = 53FE801E2B27972C00AAD9B6 /* UIApplication_MMP+Ext.swift */; };
		53FE80482B27972C00AAD9B6 /* FileManager_MMP+Ext.swift in Sources */ = {isa = PBXBuildFile; fileRef = 53FE801F2B27972C00AAD9B6 /* FileManager_MMP+Ext.swift */; };
		53FE804A2B27972C00AAD9B6 /* Task_MMP+Ext.swift in Sources */ = {isa = PBXBuildFile; fileRef = 53FE80212B27972C00AAD9B6 /* Task_MMP+Ext.swift */; };
		53FE804B2B27972C00AAD9B6 /* Data_MMP+Ext .swift in Sources */ = {isa = PBXBuildFile; fileRef = 53FE80222B27972C00AAD9B6 /* Data_MMP+Ext .swift */; };
		53FE804C2B27972C00AAD9B6 /* UserDefaults_MMP+Ext.swift in Sources */ = {isa = PBXBuildFile; fileRef = 53FE80232B27972C00AAD9B6 /* UserDefaults_MMP+Ext.swift */; };
		53FE804D2B27972C00AAD9B6 /* Optional_MMP+Ext.swift in Sources */ = {isa = PBXBuildFile; fileRef = 53FE80242B27972C00AAD9B6 /* Optional_MMP+Ext.swift */; };
		53FE804E2B27972C00AAD9B6 /* ViewDidLoadModifier_MMP.swift in Sources */ = {isa = PBXBuildFile; fileRef = 53FE80262B27972C00AAD9B6 /* ViewDidLoadModifier_MMP.swift */; };
		53FE804F2B27972C00AAD9B6 /* ReadSize_MMP.swift in Sources */ = {isa = PBXBuildFile; fileRef = 53FE80272B27972C00AAD9B6 /* ReadSize_MMP.swift */; };
		53FE80502B27972C00AAD9B6 /* CornerRadius_MMP+Corner.swift in Sources */ = {isa = PBXBuildFile; fileRef = 53FE80282B27972C00AAD9B6 /* CornerRadius_MMP+Corner.swift */; };
		53FE80512B27972C00AAD9B6 /* DeviceFrameAspectModifier_MMP.swift in Sources */ = {isa = PBXBuildFile; fileRef = 53FE802A2B27972C00AAD9B6 /* DeviceFrameAspectModifier_MMP.swift */; };
		53FE80522B27972C00AAD9B6 /* DeviceFrameModifier_MMP.swift in Sources */ = {isa = PBXBuildFile; fileRef = 53FE802B2B27972C00AAD9B6 /* DeviceFrameModifier_MMP.swift */; };
		53FE80532B27972C00AAD9B6 /* DeviceAspectRatioModifier_MMP.swift in Sources */ = {isa = PBXBuildFile; fileRef = 53FE802C2B27972C00AAD9B6 /* DeviceAspectRatioModifier_MMP.swift */; };
		53FE80542B27972C00AAD9B6 /* DeviceFontModifier_MMP.swift in Sources */ = {isa = PBXBuildFile; fileRef = 53FE802D2B27972C00AAD9B6 /* DeviceFontModifier_MMP.swift */; };
		53FE80552B27972C00AAD9B6 /* DevicePaddingModifier_MMP.swift in Sources */ = {isa = PBXBuildFile; fileRef = 53FE802E2B27972C00AAD9B6 /* DevicePaddingModifier_MMP.swift */; };
		53FE80572B27972C00AAD9B6 /* ContentWithSpacer_MMP.swift in Sources */ = {isa = PBXBuildFile; fileRef = 53FE80312B27972C00AAD9B6 /* ContentWithSpacer_MMP.swift */; };
		53FE805A2B27972C00AAD9B6 /* RectangleShadow_MMP.swift in Sources */ = {isa = PBXBuildFile; fileRef = 53FE80342B27972C00AAD9B6 /* RectangleShadow_MMP.swift */; };
		53FE805B2B27972C00AAD9B6 /* BottomSheetView_MMP.swift in Sources */ = {isa = PBXBuildFile; fileRef = 53FE80352B27972C00AAD9B6 /* BottomSheetView_MMP.swift */; };
		53FE805D2B27972C00AAD9B6 /* ZStackWithBackground_MMP.swift in Sources */ = {isa = PBXBuildFile; fileRef = 53FE80372B27972C00AAD9B6 /* ZStackWithBackground_MMP.swift */; };
		53FE805E2B27972C00AAD9B6 /* CustomSheetModel_MMP.swift in Sources */ = {isa = PBXBuildFile; fileRef = 53FE80392B27972C00AAD9B6 /* CustomSheetModel_MMP.swift */; };
		53FE805F2B27972C00AAD9B6 /* CustomSheetView_MMP.swift in Sources */ = {isa = PBXBuildFile; fileRef = 53FE803A2B27972C00AAD9B6 /* CustomSheetView_MMP.swift */; };
		53FE80602B27972C00AAD9B6 /* CustomSheet_MMP+Modifier.swift in Sources */ = {isa = PBXBuildFile; fileRef = 53FE803B2B27972C00AAD9B6 /* CustomSheet_MMP+Modifier.swift */; };
		53FE80612B27972C00AAD9B6 /* AsyncLoadingImage_MMP.swift in Sources */ = {isa = PBXBuildFile; fileRef = 53FE803C2B27972C00AAD9B6 /* AsyncLoadingImage_MMP.swift */; };
		53FE80622B27972C00AAD9B6 /* CustomSheet_MMP.swift in Sources */ = {isa = PBXBuildFile; fileRef = 53FE803E2B27972C00AAD9B6 /* CustomSheet_MMP.swift */; };
		53FE80632B27972C00AAD9B6 /* BarProgress_MMP+Style.swift in Sources */ = {isa = PBXBuildFile; fileRef = 53FE80402B27972C00AAD9B6 /* BarProgress_MMP+Style.swift */; };
		53FE80642B27972C00AAD9B6 /* Button_MMP+Style.swift in Sources */ = {isa = PBXBuildFile; fileRef = 53FE80412B27972C00AAD9B6 /* Button_MMP+Style.swift */; };
		53FE80652B27972C00AAD9B6 /* Shape_MMP+Ext.swift in Sources */ = {isa = PBXBuildFile; fileRef = 53FE80422B27972C00AAD9B6 /* Shape_MMP+Ext.swift */; };
		53FE80662B27972C00AAD9B6 /* LargeButton_MMP.swift in Sources */ = {isa = PBXBuildFile; fileRef = 53FE80432B27972C00AAD9B6 /* LargeButton_MMP.swift */; };
		53FE80682B279C1600AAD9B6 /* app_MMP+Resolver.swift in Sources */ = {isa = PBXBuildFile; fileRef = 53FE80672B279C1600AAD9B6 /* app_MMP+Resolver.swift */; };
		53FE80722B279C6100AAD9B6 /* Logger_MMP.swift in Sources */ = {isa = PBXBuildFile; fileRef = 53FE806B2B279C6100AAD9B6 /* Logger_MMP.swift */; };
		53FE80732B279C6100AAD9B6 /* SlimLogglyDestinationConfig_MMP.swift in Sources */ = {isa = PBXBuildFile; fileRef = 53FE806C2B279C6100AAD9B6 /* SlimLogglyDestinationConfig_MMP.swift */; };
		53FE80742B279C6100AAD9B6 /* SlimLogglyDestination_MMP.swift in Sources */ = {isa = PBXBuildFile; fileRef = 53FE806D2B279C6100AAD9B6 /* SlimLogglyDestination_MMP.swift */; };
		53FE80752B279C6100AAD9B6 /* SlimLogger_MMP.swift in Sources */ = {isa = PBXBuildFile; fileRef = 53FE806E2B279C6100AAD9B6 /* SlimLogger_MMP.swift */; };
		53FE80762B279C6100AAD9B6 /* SlimLoggerConfig_MMP.swift in Sources */ = {isa = PBXBuildFile; fileRef = 53FE806F2B279C6100AAD9B6 /* SlimLoggerConfig_MMP.swift */; };
		53FE80772B279C6100AAD9B6 /* Utilities_MMP.swift in Sources */ = {isa = PBXBuildFile; fileRef = 53FE80702B279C6100AAD9B6 /* Utilities_MMP.swift */; };
		53FE80782B279C6100AAD9B6 /* NetworkMonitor_MMP.swift in Sources */ = {isa = PBXBuildFile; fileRef = 53FE80712B279C6100AAD9B6 /* NetworkMonitor_MMP.swift */; };
		53FE807A2B279DB700AAD9B6 /* CoreDataStore_MMP.swift in Sources */ = {isa = PBXBuildFile; fileRef = 53FE80792B279DB700AAD9B6 /* CoreDataStore_MMP.swift */; };
		53FE807C2B279DFE00AAD9B6 /* NSFetchRequest_MMP+Extension.swift in Sources */ = {isa = PBXBuildFile; fileRef = 53FE807B2B279DFE00AAD9B6 /* NSFetchRequest_MMP+Extension.swift */; };
		53FE807E2B279E1800AAD9B6 /* CoreDataStoreMock_MMP.swift in Sources */ = {isa = PBXBuildFile; fileRef = 53FE807D2B279E1800AAD9B6 /* CoreDataStoreMock_MMP.swift */; };
		53FE80812B279E7400AAD9B6 /* MainRoute_MMP+DeepLink.swift in Sources */ = {isa = PBXBuildFile; fileRef = 53FE80802B279E7400AAD9B6 /* MainRoute_MMP+DeepLink.swift */; };
		53FE80832B279E9C00AAD9B6 /* MainNavigationStore_MMP.swift in Sources */ = {isa = PBXBuildFile; fileRef = 53FE80822B279E9C00AAD9B6 /* MainNavigationStore_MMP.swift */; };
		53FE80892B279F1500AAD9B6 /* AVAudioPlayerManager_MMP.swift in Sources */ = {isa = PBXBuildFile; fileRef = 53FE80852B279F1500AAD9B6 /* AVAudioPlayerManager_MMP.swift */; };
		53FE808A2B279F1500AAD9B6 /* DropBoxManager_MMP.swift in Sources */ = {isa = PBXBuildFile; fileRef = 53FE80862B279F1500AAD9B6 /* DropBoxManager_MMP.swift */; };
		53FE808B2B279F1500AAD9B6 /* ThirdPartyServicesManager_MMP.swift in Sources */ = {isa = PBXBuildFile; fileRef = 53FE80872B279F1500AAD9B6 /* ThirdPartyServicesManager_MMP.swift */; };
		53FE808C2B279F1500AAD9B6 /* ImageSaverManager_MMP.swift in Sources */ = {isa = PBXBuildFile; fileRef = 53FE80882B279F1500AAD9B6 /* ImageSaverManager_MMP.swift */; };
		53FE808E2B279F6800AAD9B6 /* AppConstants_MMP.swift in Sources */ = {isa = PBXBuildFile; fileRef = 53FE808D2B279F6800AAD9B6 /* AppConstants_MMP.swift */; };
		53FE80912B279FF400AAD9B6 /* APIError_MMP.swift in Sources */ = {isa = PBXBuildFile; fileRef = 53FE80902B279FF400AAD9B6 /* APIError_MMP.swift */; };
		53FE80932B27A01A00AAD9B6 /* HomeDataAPI_MMP.swift in Sources */ = {isa = PBXBuildFile; fileRef = 53FE80922B27A01A00AAD9B6 /* HomeDataAPI_MMP.swift */; };
		53FE80952B27A0E100AAD9B6 /* HTTP_MMP.swift in Sources */ = {isa = PBXBuildFile; fileRef = 53FE80942B27A0E100AAD9B6 /* HTTP_MMP.swift */; };
		53FE80992B27A20200AAD9B6 /* Font_MMP+Ext.swift in Sources */ = {isa = PBXBuildFile; fileRef = 53FE80982B27A20200AAD9B6 /* Font_MMP+Ext.swift */; };
		53FE809B2B27A34B00AAD9B6 /* AppDelegate.swift in Sources */ = {isa = PBXBuildFile; fileRef = 53FE809A2B27A34B00AAD9B6 /* AppDelegate.swift */; };
		53FE809E2B27A3AA00AAD9B6 /* BaseVM_MMP.swift in Sources */ = {isa = PBXBuildFile; fileRef = 53FE809D2B27A3AA00AAD9B6 /* BaseVM_MMP.swift */; };
		53FE80A12B27AB5000AAD9B6 /* ContentType_MMP.swift in Sources */ = {isa = PBXBuildFile; fileRef = 53FE80A02B27AB5000AAD9B6 /* ContentType_MMP.swift */; };
		53FE80AF2B27B33F00AAD9B6 /* SplashScreen_MMP.swift in Sources */ = {isa = PBXBuildFile; fileRef = 53FE80AE2B27B33F00AAD9B6 /* SplashScreen_MMP.swift */; };
		53FE80B12B27B75900AAD9B6 /* Codable_MMP+Ext.swift in Sources */ = {isa = PBXBuildFile; fileRef = 53FE80B02B27B75900AAD9B6 /* Codable_MMP+Ext.swift */; };
		53FE80B32B27B7F400AAD9B6 /* RepsponseKeys.swift in Sources */ = {isa = PBXBuildFile; fileRef = 53FE80B22B27B7F400AAD9B6 /* RepsponseKeys.swift */; };
/* End PBXBuildFile section */

/* Begin PBXContainerItemProxy section */
		53FE800F2B27953500AAD9B6 /* PBXContainerItemProxy */ = {
			isa = PBXContainerItemProxy;
			containerPortal = 53FE7FD42B2790B700AAD9B6 /* Project object */;
			proxyType = 1;
			remoteGlobalIDString = 53FE80092B27953500AAD9B6;
			remoteInfo = NotificationService;
		};
/* End PBXContainerItemProxy section */

/* Begin PBXCopyFilesBuildPhase section */
		53FE80152B27953500AAD9B6 /* Embed Foundation Extensions */ = {
			isa = PBXCopyFilesBuildPhase;
			buildActionMask = 2147483647;
			dstPath = "";
			dstSubfolderSpec = 13;
			files = (
				53FE80112B27953500AAD9B6 /* NotificationService.appex in Embed Foundation Extensions */,
			);
			name = "Embed Foundation Extensions";
			runOnlyForDeploymentPostprocessing = 0;
		};
/* End PBXCopyFilesBuildPhase section */

/* Begin PBXFileReference section */
		532092C62B2A2BCB0001BB8F /* HomeView_MMP.swift */ = {isa = PBXFileReference; lastKnownFileType = sourcecode.swift; path = HomeView_MMP.swift; sourceTree = "<group>"; };
		532092C82B2A2F7F0001BB8F /* ScrollViewFitContent.swift */ = {isa = PBXFileReference; lastKnownFileType = sourcecode.swift; path = ScrollViewFitContent.swift; sourceTree = "<group>"; };
		5330CB652B2DBEE90054EC33 /* DisabledWithOpacity_MMP.swift */ = {isa = PBXFileReference; lastKnownFileType = sourcecode.swift; path = DisabledWithOpacity_MMP.swift; sourceTree = "<group>"; };
		533285E82B2F2E6800CD087D /* MyWorks+CoreDataClass.swift */ = {isa = PBXFileReference; lastKnownFileType = sourcecode.swift; path = "MyWorks+CoreDataClass.swift"; sourceTree = SOURCE_ROOT; };
		533285E92B2F2E6800CD087D /* MyWorks+CoreDataProperties.swift */ = {isa = PBXFileReference; lastKnownFileType = sourcecode.swift; path = "MyWorks+CoreDataProperties.swift"; sourceTree = SOURCE_ROOT; };
		533285EC2B2F2ECA00CD087D /* EditorHomeMyWorkView_MMP.swift */ = {isa = PBXFileReference; lastKnownFileType = sourcecode.swift; path = EditorHomeMyWorkView_MMP.swift; sourceTree = "<group>"; };
		533285F12B2F452800CD087D /* EditorMistTemplates_MMP.swift */ = {isa = PBXFileReference; lastKnownFileType = sourcecode.swift; path = EditorMistTemplates_MMP.swift; sourceTree = "<group>"; };
		533285F32B2F4B5200CD087D /* EditorColider_MMP.swift */ = {isa = PBXFileReference; lastKnownFileType = sourcecode.swift; path = EditorColider_MMP.swift; sourceTree = "<group>"; };
		5334C1EF2B2B1293002A7E40 /* Mitr-Medium.ttf */ = {isa = PBXFileReference; lastKnownFileType = file; path = "Mitr-Medium.ttf"; sourceTree = "<group>"; };
		5334C1F12B2B2450002A7E40 /* OverFullScreenUIKit.swift */ = {isa = PBXFileReference; lastKnownFileType = sourcecode.swift; path = OverFullScreenUIKit.swift; sourceTree = "<group>"; };
		5334C1F32B2B285B002A7E40 /* ParentMO+CoreDataClass.swift */ = {isa = PBXFileReference; lastKnownFileType = sourcecode.swift; path = "ParentMO+CoreDataClass.swift"; sourceTree = SOURCE_ROOT; };
		5334C1F42B2B285B002A7E40 /* ParentMO+CoreDataProperties.swift */ = {isa = PBXFileReference; lastKnownFileType = sourcecode.swift; path = "ParentMO+CoreDataProperties.swift"; sourceTree = SOURCE_ROOT; };
		5334E0CC2B2A630900FF8650 /* DynamicFetchView.swift */ = {isa = PBXFileReference; lastKnownFileType = sourcecode.swift; path = DynamicFetchView.swift; sourceTree = "<group>"; };
		5334E0CE2B2B00F500FF8650 /* FilterView_MMP.swift */ = {isa = PBXFileReference; lastKnownFileType = sourcecode.swift; path = FilterView_MMP.swift; sourceTree = "<group>"; };
		533AFD8B2B2A3E7500CC63E4 /* SearchTextField_MMP.swift */ = {isa = PBXFileReference; lastKnownFileType = sourcecode.swift; path = SearchTextField_MMP.swift; sourceTree = "<group>"; };
		533AFD8D2B2A473700CC63E4 /* SF-Pro-Display-Black.otf */ = {isa = PBXFileReference; lastKnownFileType = file; path = "SF-Pro-Display-Black.otf"; sourceTree = "<group>"; };
		533AFD8F2B2A4AC300CC63E4 /* RoundedRectangle_MMP.swift */ = {isa = PBXFileReference; lastKnownFileType = sourcecode.swift; path = RoundedRectangle_MMP.swift; sourceTree = "<group>"; };
		533AFD912B2A4BE700CC63E4 /* SectionButton.swift */ = {isa = PBXFileReference; lastKnownFileType = sourcecode.swift; path = SectionButton.swift; sourceTree = "<group>"; };
		533AFD932B2A4CA600CC63E4 /* CategoryGrid_MMP.swift */ = {isa = PBXFileReference; lastKnownFileType = sourcecode.swift; path = CategoryGrid_MMP.swift; sourceTree = "<group>"; };
		5362C64D2B2E3E7E000FD37B /* FavoritesView_MMP.swift */ = {isa = PBXFileReference; lastKnownFileType = sourcecode.swift; path = FavoritesView_MMP.swift; sourceTree = "<group>"; };
		5362C64F2B2E3E8B000FD37B /* FavoritesDetailView.swift */ = {isa = PBXFileReference; lastKnownFileType = sourcecode.swift; path = FavoritesDetailView.swift; sourceTree = "<group>"; };
		5362C6522B2E4332000FD37B /* SettingsView.swift */ = {isa = PBXFileReference; lastKnownFileType = sourcecode.swift; path = SettingsView.swift; sourceTree = "<group>"; };
		5362C6542B2EF4F1000FD37B /* EditorContentType.swift */ = {isa = PBXFileReference; lastKnownFileType = sourcecode.swift; path = EditorContentType.swift; sourceTree = "<group>"; };
		5362C6592B2F00F5000FD37B /* EditorHomeView_MMP.swift */ = {isa = PBXFileReference; lastKnownFileType = sourcecode.swift; path = EditorHomeView_MMP.swift; sourceTree = "<group>"; };
		5362C65C2B2F02B1000FD37B /* EditorSectionButton.swift */ = {isa = PBXFileReference; lastKnownFileType = sourcecode.swift; path = EditorSectionButton.swift; sourceTree = "<group>"; };
		5362C65E2B2F038A000FD37B /* EditorListView_MMP.swift */ = {isa = PBXFileReference; lastKnownFileType = sourcecode.swift; path = EditorListView_MMP.swift; sourceTree = "<group>"; };
		5362C6642B2F146B000FD37B /* EditorView_MMP.swift */ = {isa = PBXFileReference; lastKnownFileType = sourcecode.swift; path = EditorView_MMP.swift; sourceTree = "<group>"; };
		5362C6662B2F1512000FD37B /* DropDown_MMP.swift */ = {isa = PBXFileReference; lastKnownFileType = sourcecode.swift; path = DropDown_MMP.swift; sourceTree = "<group>"; };
		5362C6692B2F2409000FD37B /* EditorController_MMP.swift */ = {isa = PBXFileReference; lastKnownFileType = sourcecode.swift; path = EditorController_MMP.swift; sourceTree = "<group>"; };
		53793E022B2CC4B100FC161E /* HomeDetailView_MMP.swift */ = {isa = PBXFileReference; lastKnownFileType = sourcecode.swift; path = HomeDetailView_MMP.swift; sourceTree = "<group>"; };
		53793E042B2CC70500FC161E /* RectangleButton_MMP.swift */ = {isa = PBXFileReference; lastKnownFileType = sourcecode.swift; path = RectangleButton_MMP.swift; sourceTree = "<group>"; };
		53793E072B2CCE9A00FC161E /* HomeListView_MMP.swift */ = {isa = PBXFileReference; lastKnownFileType = sourcecode.swift; path = HomeListView_MMP.swift; sourceTree = "<group>"; };
		539627602B31FFB00012BF3A /* Binding+Ext.swift */ = {isa = PBXFileReference; lastKnownFileType = sourcecode.swift; path = "Binding+Ext.swift"; sourceTree = "<group>"; };
		539627622B3203270012BF3A /* TempEditorModel.swift */ = {isa = PBXFileReference; lastKnownFileType = sourcecode.swift; path = TempEditorModel.swift; sourceTree = "<group>"; };
		53AA0C9C2B29060500382D92 /* TabView_MMP+Appearance.swift */ = {isa = PBXFileReference; lastKnownFileType = sourcecode.swift; path = "TabView_MMP+Appearance.swift"; sourceTree = "<group>"; };
		53AA0C9E2B290ACB00382D92 /* SF-Pro-Display-Medium.otf */ = {isa = PBXFileReference; lastKnownFileType = file; path = "SF-Pro-Display-Medium.otf"; sourceTree = "<group>"; };
		53AA0C9F2B290ACB00382D92 /* SF-Pro-Display-Regular.otf */ = {isa = PBXFileReference; lastKnownFileType = file; path = "SF-Pro-Display-Regular.otf"; sourceTree = "<group>"; };
		53AA0CA02B290ACB00382D92 /* SF-Pro-Display-Light.otf */ = {isa = PBXFileReference; lastKnownFileType = file; path = "SF-Pro-Display-Light.otf"; sourceTree = "<group>"; };
		53AA0CA12B290ACB00382D92 /* SF-Pro-Display-Bold.otf */ = {isa = PBXFileReference; lastKnownFileType = file; path = "SF-Pro-Display-Bold.otf"; sourceTree = "<group>"; };
		53AA0CA22B290ACB00382D92 /* SF-Pro-Display-Semibold.otf */ = {isa = PBXFileReference; lastKnownFileType = file; path = "SF-Pro-Display-Semibold.otf"; sourceTree = "<group>"; };
		53B713B42B2DFE8500F10F56 /* SkinsListView_MMP.swift */ = {isa = PBXFileReference; lastKnownFileType = sourcecode.swift; path = SkinsListView_MMP.swift; sourceTree = "<group>"; };
		53C2A2512B2F95A400376BD8 /* EditorListRowView.swift */ = {isa = PBXFileReference; lastKnownFileType = sourcecode.swift; path = EditorListRowView.swift; sourceTree = "<group>"; };
		53C2A2542B308C2700376BD8 /* HomeDetailCardView_MMP.swift */ = {isa = PBXFileReference; lastKnownFileType = sourcecode.swift; path = HomeDetailCardView_MMP.swift; sourceTree = "<group>"; };
		53C558992B30CC720051F342 /* CustomSlider_MMP.swift */ = {isa = PBXFileReference; lastKnownFileType = sourcecode.swift; path = CustomSlider_MMP.swift; sourceTree = "<group>"; };
		53D7EADC2B31A1B6005534EB /* CustomTabBar.swift */ = {isa = PBXFileReference; lastKnownFileType = sourcecode.swift; path = CustomTabBar.swift; sourceTree = "<group>"; };
		53ED78822B28F8DE00952BA8 /* CategoriesMO+CoreDataClass.swift */ = {isa = PBXFileReference; fileEncoding = 4; lastKnownFileType = sourcecode.swift; path = "CategoriesMO+CoreDataClass.swift"; sourceTree = "<group>"; };
		53ED78832B28F8DE00952BA8 /* SkinsMO+CoreDataClass.swift */ = {isa = PBXFileReference; fileEncoding = 4; lastKnownFileType = sourcecode.swift; path = "SkinsMO+CoreDataClass.swift"; sourceTree = "<group>"; };
		53ED78842B28F8DE00952BA8 /* EditorMO+CoreDataProperties.swift */ = {isa = PBXFileReference; fileEncoding = 4; lastKnownFileType = sourcecode.swift; path = "EditorMO+CoreDataProperties.swift"; sourceTree = "<group>"; };
		53ED78852B28F8DE00952BA8 /* ItemsMO+CoreDataClass.swift */ = {isa = PBXFileReference; fileEncoding = 4; lastKnownFileType = sourcecode.swift; path = "ItemsMO+CoreDataClass.swift"; sourceTree = "<group>"; };
		53ED78862B28F8DE00952BA8 /* CategoriesMO+CoreDataProperties.swift */ = {isa = PBXFileReference; fileEncoding = 4; lastKnownFileType = sourcecode.swift; path = "CategoriesMO+CoreDataProperties.swift"; sourceTree = "<group>"; };
		53ED78872B28F8DE00952BA8 /* SkinsMO+CoreDataProperties.swift */ = {isa = PBXFileReference; fileEncoding = 4; lastKnownFileType = sourcecode.swift; path = "SkinsMO+CoreDataProperties.swift"; sourceTree = "<group>"; };
		53ED78882B28F8DE00952BA8 /* EditorMO+CoreDataClass.swift */ = {isa = PBXFileReference; fileEncoding = 4; lastKnownFileType = sourcecode.swift; path = "EditorMO+CoreDataClass.swift"; sourceTree = "<group>"; };
		53ED78892B28F8DE00952BA8 /* ItemsMO+CoreDataProperties.swift */ = {isa = PBXFileReference; fileEncoding = 4; lastKnownFileType = sourcecode.swift; path = "ItemsMO+CoreDataProperties.swift"; sourceTree = "<group>"; };
		53ED788A2B28F8DE00952BA8 /* ModsMO+CoreDataClass.swift */ = {isa = PBXFileReference; fileEncoding = 4; lastKnownFileType = sourcecode.swift; path = "ModsMO+CoreDataClass.swift"; sourceTree = "<group>"; };
		53ED788C2B28F8DE00952BA8 /* ModsMO+CoreDataProperties.swift */ = {isa = PBXFileReference; fileEncoding = 4; lastKnownFileType = sourcecode.swift; path = "ModsMO+CoreDataProperties.swift"; sourceTree = "<group>"; };
		53ED789B2B28F9C300952BA8 /* LocalModel_MMP.swift */ = {isa = PBXFileReference; lastKnownFileType = sourcecode.swift; path = LocalModel_MMP.swift; sourceTree = "<group>"; };
		53ED78A12B29028D00952BA8 /* TabFlowView.swift */ = {isa = PBXFileReference; lastKnownFileType = sourcecode.swift; path = TabFlowView.swift; sourceTree = "<group>"; };
		53EDB83D2B2F52350009E0E5 /* EditorSetTexture_MMP.swift */ = {isa = PBXFileReference; lastKnownFileType = sourcecode.swift; path = EditorSetTexture_MMP.swift; sourceTree = "<group>"; };
		53EDB83F2B2F56C30009E0E5 /* EditorProperty_MMP.swift */ = {isa = PBXFileReference; lastKnownFileType = sourcecode.swift; path = EditorProperty_MMP.swift; sourceTree = "<group>"; };
		53EDB8412B2F65010009E0E5 /* PhotoPicker_MMP.swift */ = {isa = PBXFileReference; lastKnownFileType = sourcecode.swift; path = PhotoPicker_MMP.swift; sourceTree = "<group>"; };
		53FE7FDC2B2790B700AAD9B6 /* mods-for-melon-playgorund.app */ = {isa = PBXFileReference; explicitFileType = wrapper.application; includeInIndex = 0; path = "mods-for-melon-playgorund.app"; sourceTree = BUILT_PRODUCTS_DIR; };
		53FE7FDF2B2790B700AAD9B6 /* mods_for_melon_playgorundApp.swift */ = {isa = PBXFileReference; lastKnownFileType = sourcecode.swift; path = mods_for_melon_playgorundApp.swift; sourceTree = "<group>"; };
		53FE7FE12B2790B700AAD9B6 /* ContentView.swift */ = {isa = PBXFileReference; lastKnownFileType = sourcecode.swift; path = ContentView.swift; sourceTree = "<group>"; };
		53FE7FE32B2790B800AAD9B6 /* Assets.xcassets */ = {isa = PBXFileReference; lastKnownFileType = folder.assetcatalog; path = Assets.xcassets; sourceTree = "<group>"; };
		53FE7FE62B2790B800AAD9B6 /* Preview Assets.xcassets */ = {isa = PBXFileReference; lastKnownFileType = folder.assetcatalog; path = "Preview Assets.xcassets"; sourceTree = "<group>"; };
		53FE7FEB2B2790B800AAD9B6 /* mods_for_melon_playgorund.xcdatamodel */ = {isa = PBXFileReference; lastKnownFileType = wrapper.xcdatamodel; path = mods_for_melon_playgorund.xcdatamodel; sourceTree = "<group>"; };
		53FE80042B2794F100AAD9B6 /* mods-for-melon-playgorund.entitlements */ = {isa = PBXFileReference; lastKnownFileType = text.plist.entitlements; path = "mods-for-melon-playgorund.entitlements"; sourceTree = "<group>"; };
		53FE80052B2794F900AAD9B6 /* Info.plist */ = {isa = PBXFileReference; lastKnownFileType = text.plist; path = Info.plist; sourceTree = "<group>"; };
		53FE800A2B27953500AAD9B6 /* NotificationService.appex */ = {isa = PBXFileReference; explicitFileType = "wrapper.app-extension"; includeInIndex = 0; path = NotificationService.appex; sourceTree = BUILT_PRODUCTS_DIR; };
		53FE800C2B27953500AAD9B6 /* NotificationService.swift */ = {isa = PBXFileReference; lastKnownFileType = sourcecode.swift; path = NotificationService.swift; sourceTree = "<group>"; };
		53FE800E2B27953500AAD9B6 /* Info.plist */ = {isa = PBXFileReference; lastKnownFileType = text.plist.xml; path = Info.plist; sourceTree = "<group>"; };
		53FE80162B27957F00AAD9B6 /* NotificationService.entitlements */ = {isa = PBXFileReference; lastKnownFileType = text.plist.entitlements; path = NotificationService.entitlements; sourceTree = "<group>"; };
		53FE801B2B27972C00AAD9B6 /* Closure_MMP+Ext.swift */ = {isa = PBXFileReference; fileEncoding = 4; lastKnownFileType = sourcecode.swift; path = "Closure_MMP+Ext.swift"; sourceTree = "<group>"; };
		53FE801D2B27972C00AAD9B6 /* ForEach_MMP+Ext.swift */ = {isa = PBXFileReference; fileEncoding = 4; lastKnownFileType = sourcecode.swift; path = "ForEach_MMP+Ext.swift"; sourceTree = "<group>"; };
		53FE801E2B27972C00AAD9B6 /* UIApplication_MMP+Ext.swift */ = {isa = PBXFileReference; fileEncoding = 4; lastKnownFileType = sourcecode.swift; path = "UIApplication_MMP+Ext.swift"; sourceTree = "<group>"; };
		53FE801F2B27972C00AAD9B6 /* FileManager_MMP+Ext.swift */ = {isa = PBXFileReference; fileEncoding = 4; lastKnownFileType = sourcecode.swift; path = "FileManager_MMP+Ext.swift"; sourceTree = "<group>"; };
		53FE80212B27972C00AAD9B6 /* Task_MMP+Ext.swift */ = {isa = PBXFileReference; fileEncoding = 4; lastKnownFileType = sourcecode.swift; path = "Task_MMP+Ext.swift"; sourceTree = "<group>"; };
		53FE80222B27972C00AAD9B6 /* Data_MMP+Ext .swift */ = {isa = PBXFileReference; fileEncoding = 4; lastKnownFileType = sourcecode.swift; path = "Data_MMP+Ext .swift"; sourceTree = "<group>"; };
		53FE80232B27972C00AAD9B6 /* UserDefaults_MMP+Ext.swift */ = {isa = PBXFileReference; fileEncoding = 4; lastKnownFileType = sourcecode.swift; path = "UserDefaults_MMP+Ext.swift"; sourceTree = "<group>"; };
		53FE80242B27972C00AAD9B6 /* Optional_MMP+Ext.swift */ = {isa = PBXFileReference; fileEncoding = 4; lastKnownFileType = sourcecode.swift; path = "Optional_MMP+Ext.swift"; sourceTree = "<group>"; };
		53FE80262B27972C00AAD9B6 /* ViewDidLoadModifier_MMP.swift */ = {isa = PBXFileReference; fileEncoding = 4; lastKnownFileType = sourcecode.swift; path = ViewDidLoadModifier_MMP.swift; sourceTree = "<group>"; };
		53FE80272B27972C00AAD9B6 /* ReadSize_MMP.swift */ = {isa = PBXFileReference; fileEncoding = 4; lastKnownFileType = sourcecode.swift; path = ReadSize_MMP.swift; sourceTree = "<group>"; };
		53FE80282B27972C00AAD9B6 /* CornerRadius_MMP+Corner.swift */ = {isa = PBXFileReference; fileEncoding = 4; lastKnownFileType = sourcecode.swift; path = "CornerRadius_MMP+Corner.swift"; sourceTree = "<group>"; };
		53FE802A2B27972C00AAD9B6 /* DeviceFrameAspectModifier_MMP.swift */ = {isa = PBXFileReference; fileEncoding = 4; lastKnownFileType = sourcecode.swift; path = DeviceFrameAspectModifier_MMP.swift; sourceTree = "<group>"; };
		53FE802B2B27972C00AAD9B6 /* DeviceFrameModifier_MMP.swift */ = {isa = PBXFileReference; fileEncoding = 4; lastKnownFileType = sourcecode.swift; path = DeviceFrameModifier_MMP.swift; sourceTree = "<group>"; };
		53FE802C2B27972C00AAD9B6 /* DeviceAspectRatioModifier_MMP.swift */ = {isa = PBXFileReference; fileEncoding = 4; lastKnownFileType = sourcecode.swift; path = DeviceAspectRatioModifier_MMP.swift; sourceTree = "<group>"; };
		53FE802D2B27972C00AAD9B6 /* DeviceFontModifier_MMP.swift */ = {isa = PBXFileReference; fileEncoding = 4; lastKnownFileType = sourcecode.swift; path = DeviceFontModifier_MMP.swift; sourceTree = "<group>"; };
		53FE802E2B27972C00AAD9B6 /* DevicePaddingModifier_MMP.swift */ = {isa = PBXFileReference; fileEncoding = 4; lastKnownFileType = sourcecode.swift; path = DevicePaddingModifier_MMP.swift; sourceTree = "<group>"; };
		53FE80312B27972C00AAD9B6 /* ContentWithSpacer_MMP.swift */ = {isa = PBXFileReference; fileEncoding = 4; lastKnownFileType = sourcecode.swift; path = ContentWithSpacer_MMP.swift; sourceTree = "<group>"; };
		53FE80342B27972C00AAD9B6 /* RectangleShadow_MMP.swift */ = {isa = PBXFileReference; fileEncoding = 4; lastKnownFileType = sourcecode.swift; path = RectangleShadow_MMP.swift; sourceTree = "<group>"; };
		53FE80352B27972C00AAD9B6 /* BottomSheetView_MMP.swift */ = {isa = PBXFileReference; fileEncoding = 4; lastKnownFileType = sourcecode.swift; path = BottomSheetView_MMP.swift; sourceTree = "<group>"; };
		53FE80372B27972C00AAD9B6 /* ZStackWithBackground_MMP.swift */ = {isa = PBXFileReference; fileEncoding = 4; lastKnownFileType = sourcecode.swift; path = ZStackWithBackground_MMP.swift; sourceTree = "<group>"; };
		53FE80392B27972C00AAD9B6 /* CustomSheetModel_MMP.swift */ = {isa = PBXFileReference; fileEncoding = 4; lastKnownFileType = sourcecode.swift; path = CustomSheetModel_MMP.swift; sourceTree = "<group>"; };
		53FE803A2B27972C00AAD9B6 /* CustomSheetView_MMP.swift */ = {isa = PBXFileReference; fileEncoding = 4; lastKnownFileType = sourcecode.swift; path = CustomSheetView_MMP.swift; sourceTree = "<group>"; };
		53FE803B2B27972C00AAD9B6 /* CustomSheet_MMP+Modifier.swift */ = {isa = PBXFileReference; fileEncoding = 4; lastKnownFileType = sourcecode.swift; path = "CustomSheet_MMP+Modifier.swift"; sourceTree = "<group>"; };
		53FE803C2B27972C00AAD9B6 /* AsyncLoadingImage_MMP.swift */ = {isa = PBXFileReference; fileEncoding = 4; lastKnownFileType = sourcecode.swift; path = AsyncLoadingImage_MMP.swift; sourceTree = "<group>"; };
		53FE803E2B27972C00AAD9B6 /* CustomSheet_MMP.swift */ = {isa = PBXFileReference; fileEncoding = 4; lastKnownFileType = sourcecode.swift; path = CustomSheet_MMP.swift; sourceTree = "<group>"; };
		53FE80402B27972C00AAD9B6 /* BarProgress_MMP+Style.swift */ = {isa = PBXFileReference; fileEncoding = 4; lastKnownFileType = sourcecode.swift; path = "BarProgress_MMP+Style.swift"; sourceTree = "<group>"; };
		53FE80412B27972C00AAD9B6 /* Button_MMP+Style.swift */ = {isa = PBXFileReference; fileEncoding = 4; lastKnownFileType = sourcecode.swift; path = "Button_MMP+Style.swift"; sourceTree = "<group>"; };
		53FE80422B27972C00AAD9B6 /* Shape_MMP+Ext.swift */ = {isa = PBXFileReference; fileEncoding = 4; lastKnownFileType = sourcecode.swift; path = "Shape_MMP+Ext.swift"; sourceTree = "<group>"; };
		53FE80432B27972C00AAD9B6 /* LargeButton_MMP.swift */ = {isa = PBXFileReference; fileEncoding = 4; lastKnownFileType = sourcecode.swift; path = LargeButton_MMP.swift; sourceTree = "<group>"; };
		53FE80672B279C1600AAD9B6 /* app_MMP+Resolver.swift */ = {isa = PBXFileReference; lastKnownFileType = sourcecode.swift; path = "app_MMP+Resolver.swift"; sourceTree = "<group>"; };
		53FE806B2B279C6100AAD9B6 /* Logger_MMP.swift */ = {isa = PBXFileReference; fileEncoding = 4; lastKnownFileType = sourcecode.swift; path = Logger_MMP.swift; sourceTree = "<group>"; };
		53FE806C2B279C6100AAD9B6 /* SlimLogglyDestinationConfig_MMP.swift */ = {isa = PBXFileReference; fileEncoding = 4; lastKnownFileType = sourcecode.swift; path = SlimLogglyDestinationConfig_MMP.swift; sourceTree = "<group>"; };
		53FE806D2B279C6100AAD9B6 /* SlimLogglyDestination_MMP.swift */ = {isa = PBXFileReference; fileEncoding = 4; lastKnownFileType = sourcecode.swift; path = SlimLogglyDestination_MMP.swift; sourceTree = "<group>"; };
		53FE806E2B279C6100AAD9B6 /* SlimLogger_MMP.swift */ = {isa = PBXFileReference; fileEncoding = 4; lastKnownFileType = sourcecode.swift; path = SlimLogger_MMP.swift; sourceTree = "<group>"; };
		53FE806F2B279C6100AAD9B6 /* SlimLoggerConfig_MMP.swift */ = {isa = PBXFileReference; fileEncoding = 4; lastKnownFileType = sourcecode.swift; path = SlimLoggerConfig_MMP.swift; sourceTree = "<group>"; };
		53FE80702B279C6100AAD9B6 /* Utilities_MMP.swift */ = {isa = PBXFileReference; fileEncoding = 4; lastKnownFileType = sourcecode.swift; path = Utilities_MMP.swift; sourceTree = "<group>"; };
		53FE80712B279C6100AAD9B6 /* NetworkMonitor_MMP.swift */ = {isa = PBXFileReference; fileEncoding = 4; lastKnownFileType = sourcecode.swift; path = NetworkMonitor_MMP.swift; sourceTree = "<group>"; };
		53FE80792B279DB700AAD9B6 /* CoreDataStore_MMP.swift */ = {isa = PBXFileReference; lastKnownFileType = sourcecode.swift; path = CoreDataStore_MMP.swift; sourceTree = "<group>"; };
		53FE807B2B279DFE00AAD9B6 /* NSFetchRequest_MMP+Extension.swift */ = {isa = PBXFileReference; lastKnownFileType = sourcecode.swift; path = "NSFetchRequest_MMP+Extension.swift"; sourceTree = "<group>"; };
		53FE807D2B279E1800AAD9B6 /* CoreDataStoreMock_MMP.swift */ = {isa = PBXFileReference; lastKnownFileType = sourcecode.swift; path = CoreDataStoreMock_MMP.swift; sourceTree = "<group>"; };
		53FE80802B279E7400AAD9B6 /* MainRoute_MMP+DeepLink.swift */ = {isa = PBXFileReference; lastKnownFileType = sourcecode.swift; path = "MainRoute_MMP+DeepLink.swift"; sourceTree = "<group>"; };
		53FE80822B279E9C00AAD9B6 /* MainNavigationStore_MMP.swift */ = {isa = PBXFileReference; lastKnownFileType = sourcecode.swift; path = MainNavigationStore_MMP.swift; sourceTree = "<group>"; };
		53FE80852B279F1500AAD9B6 /* AVAudioPlayerManager_MMP.swift */ = {isa = PBXFileReference; fileEncoding = 4; lastKnownFileType = sourcecode.swift; path = AVAudioPlayerManager_MMP.swift; sourceTree = "<group>"; };
		53FE80862B279F1500AAD9B6 /* DropBoxManager_MMP.swift */ = {isa = PBXFileReference; fileEncoding = 4; lastKnownFileType = sourcecode.swift; path = DropBoxManager_MMP.swift; sourceTree = "<group>"; };
		53FE80872B279F1500AAD9B6 /* ThirdPartyServicesManager_MMP.swift */ = {isa = PBXFileReference; fileEncoding = 4; lastKnownFileType = sourcecode.swift; path = ThirdPartyServicesManager_MMP.swift; sourceTree = "<group>"; };
		53FE80882B279F1500AAD9B6 /* ImageSaverManager_MMP.swift */ = {isa = PBXFileReference; fileEncoding = 4; lastKnownFileType = sourcecode.swift; path = ImageSaverManager_MMP.swift; sourceTree = "<group>"; };
		53FE808D2B279F6800AAD9B6 /* AppConstants_MMP.swift */ = {isa = PBXFileReference; lastKnownFileType = sourcecode.swift; path = AppConstants_MMP.swift; sourceTree = "<group>"; };
		53FE80902B279FF400AAD9B6 /* APIError_MMP.swift */ = {isa = PBXFileReference; lastKnownFileType = sourcecode.swift; path = APIError_MMP.swift; sourceTree = "<group>"; };
		53FE80922B27A01A00AAD9B6 /* HomeDataAPI_MMP.swift */ = {isa = PBXFileReference; lastKnownFileType = sourcecode.swift; path = HomeDataAPI_MMP.swift; sourceTree = "<group>"; };
		53FE80942B27A0E100AAD9B6 /* HTTP_MMP.swift */ = {isa = PBXFileReference; lastKnownFileType = sourcecode.swift; path = HTTP_MMP.swift; sourceTree = "<group>"; };
		53FE80982B27A20200AAD9B6 /* Font_MMP+Ext.swift */ = {isa = PBXFileReference; lastKnownFileType = sourcecode.swift; path = "Font_MMP+Ext.swift"; sourceTree = "<group>"; };
		53FE809A2B27A34B00AAD9B6 /* AppDelegate.swift */ = {isa = PBXFileReference; lastKnownFileType = sourcecode.swift; path = AppDelegate.swift; sourceTree = "<group>"; };
		53FE809D2B27A3AA00AAD9B6 /* BaseVM_MMP.swift */ = {isa = PBXFileReference; lastKnownFileType = sourcecode.swift; path = BaseVM_MMP.swift; sourceTree = "<group>"; };
		53FE80A02B27AB5000AAD9B6 /* ContentType_MMP.swift */ = {isa = PBXFileReference; lastKnownFileType = sourcecode.swift; path = ContentType_MMP.swift; sourceTree = "<group>"; };
		53FE80AE2B27B33F00AAD9B6 /* SplashScreen_MMP.swift */ = {isa = PBXFileReference; lastKnownFileType = sourcecode.swift; path = SplashScreen_MMP.swift; sourceTree = "<group>"; };
		53FE80B02B27B75900AAD9B6 /* Codable_MMP+Ext.swift */ = {isa = PBXFileReference; lastKnownFileType = sourcecode.swift; path = "Codable_MMP+Ext.swift"; sourceTree = "<group>"; };
		53FE80B22B27B7F400AAD9B6 /* RepsponseKeys.swift */ = {isa = PBXFileReference; lastKnownFileType = sourcecode.swift; path = RepsponseKeys.swift; sourceTree = "<group>"; };
/* End PBXFileReference section */

/* Begin PBXFrameworksBuildPhase section */
		53FE7FD92B2790B700AAD9B6 /* Frameworks */ = {
			isa = PBXFrameworksBuildPhase;
			buildActionMask = 2147483647;
			files = (
				53FE80002B2792AB00AAD9B6 /* Adjust in Frameworks */,
				53FE7FFA2B27927D00AAD9B6 /* Resolver in Frameworks */,
				53FE7FF42B27925B00AAD9B6 /* SwiftyDropbox in Frameworks */,
				53FE7FF72B27926700AAD9B6 /* DataCache in Frameworks */,
				53FE7FFD2B27928B00AAD9B6 /* FlowStacks in Frameworks */,
				53FE80032B2792BC00AAD9B6 /* Pushwoosh in Frameworks */,
			);
			runOnlyForDeploymentPostprocessing = 0;
		};
		53FE80072B27953500AAD9B6 /* Frameworks */ = {
			isa = PBXFrameworksBuildPhase;
			buildActionMask = 2147483647;
			files = (
			);
			runOnlyForDeploymentPostprocessing = 0;
		};
/* End PBXFrameworksBuildPhase section */

/* Begin PBXGroup section */
		533285EE2B2F44C700CD087D /* EditorView */ = {
			isa = PBXGroup;
			children = (
				5362C6642B2F146B000FD37B /* EditorView_MMP.swift */,
				533285F12B2F452800CD087D /* EditorMistTemplates_MMP.swift */,
				533285F32B2F4B5200CD087D /* EditorColider_MMP.swift */,
				53EDB83D2B2F52350009E0E5 /* EditorSetTexture_MMP.swift */,
				53EDB83F2B2F56C30009E0E5 /* EditorProperty_MMP.swift */,
			);
			path = EditorView;
			sourceTree = "<group>";
		};
		5362C64C2B2E3E68000FD37B /* FavoritesFlow */ = {
			isa = PBXGroup;
			children = (
				5362C64D2B2E3E7E000FD37B /* FavoritesView_MMP.swift */,
				5362C64F2B2E3E8B000FD37B /* FavoritesDetailView.swift */,
			);
			path = FavoritesFlow;
			sourceTree = "<group>";
		};
		5362C6512B2E431F000FD37B /* SettingsFlow */ = {
			isa = PBXGroup;
			children = (
				5362C6522B2E4332000FD37B /* SettingsView.swift */,
			);
			path = SettingsFlow;
			sourceTree = "<group>";
		};
		5362C6562B2EF821000FD37B /* EditorFlow */ = {
			isa = PBXGroup;
			children = (
				5362C6592B2F00F5000FD37B /* EditorHomeView_MMP.swift */,
				5362C65E2B2F038A000FD37B /* EditorListView_MMP.swift */,
				533285EE2B2F44C700CD087D /* EditorView */,
				533285EC2B2F2ECA00CD087D /* EditorHomeMyWorkView_MMP.swift */,
				53C2A2512B2F95A400376BD8 /* EditorListRowView.swift */,
			);
			path = EditorFlow;
			sourceTree = "<group>";
		};
		5362C65B2B2F02A6000FD37B /* SectionButton */ = {
			isa = PBXGroup;
			children = (
				533AFD912B2A4BE700CC63E4 /* SectionButton.swift */,
				5362C65C2B2F02B1000FD37B /* EditorSectionButton.swift */,
			);
			path = SectionButton;
			sourceTree = "<group>";
		};
		5362C6682B2F23F5000FD37B /* Controllers_MMP */ = {
			isa = PBXGroup;
			children = (
				5362C6692B2F2409000FD37B /* EditorController_MMP.swift */,
			);
			path = Controllers_MMP;
			sourceTree = "<group>";
		};
		53AA0CA82B290ED100382D92 /* HomeFlow */ = {
			isa = PBXGroup;
			children = (
				53B713B42B2DFE8500F10F56 /* SkinsListView_MMP.swift */,
				53C2A2532B308C1200376BD8 /* HomeDetail */,
				532092C62B2A2BCB0001BB8F /* HomeView_MMP.swift */,
				53793E072B2CCE9A00FC161E /* HomeListView_MMP.swift */,
			);
			path = HomeFlow;
			sourceTree = "<group>";
		};
		53C2A2532B308C1200376BD8 /* HomeDetail */ = {
			isa = PBXGroup;
			children = (
				53793E022B2CC4B100FC161E /* HomeDetailView_MMP.swift */,
				53C2A2542B308C2700376BD8 /* HomeDetailCardView_MMP.swift */,
			);
			path = HomeDetail;
			sourceTree = "<group>";
		};
		53D7EADB2B31A1AD005534EB /* TabFlow */ = {
			isa = PBXGroup;
			children = (
				53ED78A12B29028D00952BA8 /* TabFlowView.swift */,
				53D7EADC2B31A1B6005534EB /* CustomTabBar.swift */,
			);
			path = TabFlow;
			sourceTree = "<group>";
		};
		53ED78812B28F8DE00952BA8 /* Models */ = {
			isa = PBXGroup;
			children = (
				533285E82B2F2E6800CD087D /* MyWorks+CoreDataClass.swift */,
				533285E92B2F2E6800CD087D /* MyWorks+CoreDataProperties.swift */,
				5334C1F32B2B285B002A7E40 /* ParentMO+CoreDataClass.swift */,
				5334C1F42B2B285B002A7E40 /* ParentMO+CoreDataProperties.swift */,
				53ED78822B28F8DE00952BA8 /* CategoriesMO+CoreDataClass.swift */,
				53ED78832B28F8DE00952BA8 /* SkinsMO+CoreDataClass.swift */,
				53ED78842B28F8DE00952BA8 /* EditorMO+CoreDataProperties.swift */,
				53ED78852B28F8DE00952BA8 /* ItemsMO+CoreDataClass.swift */,
				53ED78862B28F8DE00952BA8 /* CategoriesMO+CoreDataProperties.swift */,
				53ED78872B28F8DE00952BA8 /* SkinsMO+CoreDataProperties.swift */,
				53ED78882B28F8DE00952BA8 /* EditorMO+CoreDataClass.swift */,
				53ED78892B28F8DE00952BA8 /* ItemsMO+CoreDataProperties.swift */,
				53ED788A2B28F8DE00952BA8 /* ModsMO+CoreDataClass.swift */,
				53ED788C2B28F8DE00952BA8 /* ModsMO+CoreDataProperties.swift */,
			);
			path = Models;
			sourceTree = "<group>";
		};
		53ED789A2B28F9BB00952BA8 /* Local */ = {
			isa = PBXGroup;
			children = (
				53ED789B2B28F9C300952BA8 /* LocalModel_MMP.swift */,
				5362C6542B2EF4F1000FD37B /* EditorContentType.swift */,
				539627622B3203270012BF3A /* TempEditorModel.swift */,
			);
			path = Local;
			sourceTree = "<group>";
		};
		53FE7FD32B2790B700AAD9B6 = {
			isa = PBXGroup;
			children = (
				53FE7FDE2B2790B700AAD9B6 /* mods-for-melon-playgorund */,
				53FE800B2B27953500AAD9B6 /* NotificationService */,
				53FE7FDD2B2790B700AAD9B6 /* Products */,
			);
			sourceTree = "<group>";
		};
		53FE7FDD2B2790B700AAD9B6 /* Products */ = {
			isa = PBXGroup;
			children = (
				53FE7FDC2B2790B700AAD9B6 /* mods-for-melon-playgorund.app */,
				53FE800A2B27953500AAD9B6 /* NotificationService.appex */,
			);
			name = Products;
			sourceTree = "<group>";
		};
		53FE7FDE2B2790B700AAD9B6 /* mods-for-melon-playgorund */ = {
			isa = PBXGroup;
			children = (
				5362C6682B2F23F5000FD37B /* Controllers_MMP */,
				53FE80A22B27ABA000AAD9B6 /* Models_MMP */,
				53FE809F2B27A3C200AAD9B6 /* Flows_MMP */,
				53FE809C2B27A38E00AAD9B6 /* Base+MMP */,
				53FE808F2B279FE300AAD9B6 /* APIs_MMP */,
				53FE80842B279F0000AAD9B6 /* Manager_MMP */,
				53FE807F2B279E6100AAD9B6 /* Navigation_MMP */,
				53FE80692B279C6100AAD9B6 /* Utilities_MMP */,
				53FE80192B27972C00AAD9B6 /* Extension_MMP */,
				53FE80052B2794F900AAD9B6 /* Info.plist */,
				53FE80042B2794F100AAD9B6 /* mods-for-melon-playgorund.entitlements */,
				53FE7FDF2B2790B700AAD9B6 /* mods_for_melon_playgorundApp.swift */,
				53FE7FE12B2790B700AAD9B6 /* ContentView.swift */,
				53FE80182B2796FC00AAD9B6 /* Resource_MMP */,
				53FE80172B2796E900AAD9B6 /* CoreData_MMP */,
				53FE7FE52B2790B800AAD9B6 /* Preview Content */,
				53FE80672B279C1600AAD9B6 /* app_MMP+Resolver.swift */,
				53FE808D2B279F6800AAD9B6 /* AppConstants_MMP.swift */,
				53FE809A2B27A34B00AAD9B6 /* AppDelegate.swift */,
			);
			path = "mods-for-melon-playgorund";
			sourceTree = "<group>";
		};
		53FE7FE52B2790B800AAD9B6 /* Preview Content */ = {
			isa = PBXGroup;
			children = (
				53FE7FE62B2790B800AAD9B6 /* Preview Assets.xcassets */,
			);
			path = "Preview Content";
			sourceTree = "<group>";
		};
		53FE800B2B27953500AAD9B6 /* NotificationService */ = {
			isa = PBXGroup;
			children = (
				53FE80162B27957F00AAD9B6 /* NotificationService.entitlements */,
				53FE800C2B27953500AAD9B6 /* NotificationService.swift */,
				53FE800E2B27953500AAD9B6 /* Info.plist */,
			);
			path = NotificationService;
			sourceTree = "<group>";
		};
		53FE80172B2796E900AAD9B6 /* CoreData_MMP */ = {
			isa = PBXGroup;
			children = (
				53ED78812B28F8DE00952BA8 /* Models */,
				53FE7FEA2B2790B800AAD9B6 /* mods_for_melon_playgorund.xcdatamodeld */,
				53FE80792B279DB700AAD9B6 /* CoreDataStore_MMP.swift */,
				53FE807B2B279DFE00AAD9B6 /* NSFetchRequest_MMP+Extension.swift */,
				53FE807D2B279E1800AAD9B6 /* CoreDataStoreMock_MMP.swift */,
			);
			path = CoreData_MMP;
			sourceTree = "<group>";
		};
		53FE80182B2796FC00AAD9B6 /* Resource_MMP */ = {
			isa = PBXGroup;
			children = (
				53FE80972B27A1F100AAD9B6 /* Font_MMP */,
				53FE7FE32B2790B800AAD9B6 /* Assets.xcassets */,
			);
			path = Resource_MMP;
			sourceTree = "<group>";
		};
		53FE80192B27972C00AAD9B6 /* Extension_MMP */ = {
			isa = PBXGroup;
			children = (
				53FE801A2B27972C00AAD9B6 /* Logic+Ext_MMP */,
				53FE80242B27972C00AAD9B6 /* Optional_MMP+Ext.swift */,
				53FE80252B27972C00AAD9B6 /* Modifier_MMP */,
				53FE80282B27972C00AAD9B6 /* CornerRadius_MMP+Corner.swift */,
				53FE80292B27972C00AAD9B6 /* DependDevice_MMP+Ext */,
				53FE802F2B27972C00AAD9B6 /* CustomUI_MMP */,
				53FE803D2B27972C00AAD9B6 /* Environment_MMP */,
				53FE803F2B27972C00AAD9B6 /* Style_MMP */,
				53FE80422B27972C00AAD9B6 /* Shape_MMP+Ext.swift */,
				53FE80432B27972C00AAD9B6 /* LargeButton_MMP.swift */,
				533AFD8B2B2A3E7500CC63E4 /* SearchTextField_MMP.swift */,
				5362C65B2B2F02A6000FD37B /* SectionButton */,
				533AFD932B2A4CA600CC63E4 /* CategoryGrid_MMP.swift */,
				5334E0CC2B2A630900FF8650 /* DynamicFetchView.swift */,
				5334E0CE2B2B00F500FF8650 /* FilterView_MMP.swift */,
				53793E042B2CC70500FC161E /* RectangleButton_MMP.swift */,
				5362C6662B2F1512000FD37B /* DropDown_MMP.swift */,
				53EDB8412B2F65010009E0E5 /* PhotoPicker_MMP.swift */,
				53C558992B30CC720051F342 /* CustomSlider_MMP.swift */,
				539627602B31FFB00012BF3A /* Binding+Ext.swift */,
			);
			path = Extension_MMP;
			sourceTree = "<group>";
		};
		53FE801A2B27972C00AAD9B6 /* Logic+Ext_MMP */ = {
			isa = PBXGroup;
			children = (
				53FE801B2B27972C00AAD9B6 /* Closure_MMP+Ext.swift */,
				53FE801D2B27972C00AAD9B6 /* ForEach_MMP+Ext.swift */,
				53FE801E2B27972C00AAD9B6 /* UIApplication_MMP+Ext.swift */,
				53FE801F2B27972C00AAD9B6 /* FileManager_MMP+Ext.swift */,
				53FE80212B27972C00AAD9B6 /* Task_MMP+Ext.swift */,
				53FE80222B27972C00AAD9B6 /* Data_MMP+Ext .swift */,
				53FE80232B27972C00AAD9B6 /* UserDefaults_MMP+Ext.swift */,
				53FE80B02B27B75900AAD9B6 /* Codable_MMP+Ext.swift */,
			);
			path = "Logic+Ext_MMP";
			sourceTree = "<group>";
		};
		53FE80252B27972C00AAD9B6 /* Modifier_MMP */ = {
			isa = PBXGroup;
			children = (
				533AFD8F2B2A4AC300CC63E4 /* RoundedRectangle_MMP.swift */,
				53FE80262B27972C00AAD9B6 /* ViewDidLoadModifier_MMP.swift */,
				53FE80272B27972C00AAD9B6 /* ReadSize_MMP.swift */,
				53AA0C9C2B29060500382D92 /* TabView_MMP+Appearance.swift */,
				5334C1F12B2B2450002A7E40 /* OverFullScreenUIKit.swift */,
				5330CB652B2DBEE90054EC33 /* DisabledWithOpacity_MMP.swift */,
			);
			path = Modifier_MMP;
			sourceTree = "<group>";
		};
		53FE80292B27972C00AAD9B6 /* DependDevice_MMP+Ext */ = {
			isa = PBXGroup;
			children = (
				53FE802A2B27972C00AAD9B6 /* DeviceFrameAspectModifier_MMP.swift */,
				53FE802B2B27972C00AAD9B6 /* DeviceFrameModifier_MMP.swift */,
				53FE802C2B27972C00AAD9B6 /* DeviceAspectRatioModifier_MMP.swift */,
				53FE802D2B27972C00AAD9B6 /* DeviceFontModifier_MMP.swift */,
				53FE802E2B27972C00AAD9B6 /* DevicePaddingModifier_MMP.swift */,
			);
			path = "DependDevice_MMP+Ext";
			sourceTree = "<group>";
		};
		53FE802F2B27972C00AAD9B6 /* CustomUI_MMP */ = {
			isa = PBXGroup;
			children = (
				53FE80312B27972C00AAD9B6 /* ContentWithSpacer_MMP.swift */,
				53FE80342B27972C00AAD9B6 /* RectangleShadow_MMP.swift */,
				53FE80352B27972C00AAD9B6 /* BottomSheetView_MMP.swift */,
				53FE80372B27972C00AAD9B6 /* ZStackWithBackground_MMP.swift */,
				53FE80382B27972C00AAD9B6 /* CustomSheet_MMP */,
				53FE803C2B27972C00AAD9B6 /* AsyncLoadingImage_MMP.swift */,
				532092C82B2A2F7F0001BB8F /* ScrollViewFitContent.swift */,
			);
			path = CustomUI_MMP;
			sourceTree = "<group>";
		};
		53FE80382B27972C00AAD9B6 /* CustomSheet_MMP */ = {
			isa = PBXGroup;
			children = (
				53FE80392B27972C00AAD9B6 /* CustomSheetModel_MMP.swift */,
				53FE803A2B27972C00AAD9B6 /* CustomSheetView_MMP.swift */,
				53FE803B2B27972C00AAD9B6 /* CustomSheet_MMP+Modifier.swift */,
			);
			path = CustomSheet_MMP;
			sourceTree = "<group>";
		};
		53FE803D2B27972C00AAD9B6 /* Environment_MMP */ = {
			isa = PBXGroup;
			children = (
				53FE803E2B27972C00AAD9B6 /* CustomSheet_MMP.swift */,
			);
			path = Environment_MMP;
			sourceTree = "<group>";
		};
		53FE803F2B27972C00AAD9B6 /* Style_MMP */ = {
			isa = PBXGroup;
			children = (
				53FE80402B27972C00AAD9B6 /* BarProgress_MMP+Style.swift */,
				53FE80412B27972C00AAD9B6 /* Button_MMP+Style.swift */,
			);
			path = Style_MMP;
			sourceTree = "<group>";
		};
		53FE80692B279C6100AAD9B6 /* Utilities_MMP */ = {
			isa = PBXGroup;
			children = (
				53FE806A2B279C6100AAD9B6 /* HYSLogger_MMP */,
				53FE80702B279C6100AAD9B6 /* Utilities_MMP.swift */,
				53FE80712B279C6100AAD9B6 /* NetworkMonitor_MMP.swift */,
			);
			path = Utilities_MMP;
			sourceTree = "<group>";
		};
		53FE806A2B279C6100AAD9B6 /* HYSLogger_MMP */ = {
			isa = PBXGroup;
			children = (
				53FE806B2B279C6100AAD9B6 /* Logger_MMP.swift */,
				53FE806C2B279C6100AAD9B6 /* SlimLogglyDestinationConfig_MMP.swift */,
				53FE806D2B279C6100AAD9B6 /* SlimLogglyDestination_MMP.swift */,
				53FE806E2B279C6100AAD9B6 /* SlimLogger_MMP.swift */,
				53FE806F2B279C6100AAD9B6 /* SlimLoggerConfig_MMP.swift */,
			);
			path = HYSLogger_MMP;
			sourceTree = "<group>";
		};
		53FE807F2B279E6100AAD9B6 /* Navigation_MMP */ = {
			isa = PBXGroup;
			children = (
				53FE80802B279E7400AAD9B6 /* MainRoute_MMP+DeepLink.swift */,
				53FE80822B279E9C00AAD9B6 /* MainNavigationStore_MMP.swift */,
			);
			path = Navigation_MMP;
			sourceTree = "<group>";
		};
		53FE80842B279F0000AAD9B6 /* Manager_MMP */ = {
			isa = PBXGroup;
			children = (
				53FE80852B279F1500AAD9B6 /* AVAudioPlayerManager_MMP.swift */,
				53FE80862B279F1500AAD9B6 /* DropBoxManager_MMP.swift */,
				53FE80882B279F1500AAD9B6 /* ImageSaverManager_MMP.swift */,
				53FE80872B279F1500AAD9B6 /* ThirdPartyServicesManager_MMP.swift */,
			);
			path = Manager_MMP;
			sourceTree = "<group>";
		};
		53FE808F2B279FE300AAD9B6 /* APIs_MMP */ = {
			isa = PBXGroup;
			children = (
				53FE80902B279FF400AAD9B6 /* APIError_MMP.swift */,
				53FE80922B27A01A00AAD9B6 /* HomeDataAPI_MMP.swift */,
				53FE80942B27A0E100AAD9B6 /* HTTP_MMP.swift */,
				53FE80A02B27AB5000AAD9B6 /* ContentType_MMP.swift */,
			);
			path = APIs_MMP;
			sourceTree = "<group>";
		};
		53FE80972B27A1F100AAD9B6 /* Font_MMP */ = {
			isa = PBXGroup;
			children = (
				533AFD8D2B2A473700CC63E4 /* SF-Pro-Display-Black.otf */,
				53AA0CA12B290ACB00382D92 /* SF-Pro-Display-Bold.otf */,
				53AA0CA02B290ACB00382D92 /* SF-Pro-Display-Light.otf */,
				5334C1EF2B2B1293002A7E40 /* Mitr-Medium.ttf */,
				53AA0C9E2B290ACB00382D92 /* SF-Pro-Display-Medium.otf */,
				53AA0C9F2B290ACB00382D92 /* SF-Pro-Display-Regular.otf */,
				53AA0CA22B290ACB00382D92 /* SF-Pro-Display-Semibold.otf */,
				53FE80982B27A20200AAD9B6 /* Font_MMP+Ext.swift */,
			);
			path = Font_MMP;
			sourceTree = "<group>";
		};
		53FE809C2B27A38E00AAD9B6 /* Base+MMP */ = {
			isa = PBXGroup;
			children = (
				53FE809D2B27A3AA00AAD9B6 /* BaseVM_MMP.swift */,
			);
			path = "Base+MMP";
			sourceTree = "<group>";
		};
		53FE809F2B27A3C200AAD9B6 /* Flows_MMP */ = {
			isa = PBXGroup;
			children = (
				5362C6562B2EF821000FD37B /* EditorFlow */,
				5362C6512B2E431F000FD37B /* SettingsFlow */,
				5362C64C2B2E3E68000FD37B /* FavoritesFlow */,
				53AA0CA82B290ED100382D92 /* HomeFlow */,
				53FE80AE2B27B33F00AAD9B6 /* SplashScreen_MMP.swift */,
				53D7EADB2B31A1AD005534EB /* TabFlow */,
			);
			path = Flows_MMP;
			sourceTree = "<group>";
		};
		53FE80A22B27ABA000AAD9B6 /* Models_MMP */ = {
			isa = PBXGroup;
			children = (
				53ED789A2B28F9BB00952BA8 /* Local */,
				53FE80A32B27ABAB00AAD9B6 /* Response */,
			);
			path = Models_MMP;
			sourceTree = "<group>";
		};
		53FE80A32B27ABAB00AAD9B6 /* Response */ = {
			isa = PBXGroup;
			children = (
				53FE80B22B27B7F400AAD9B6 /* RepsponseKeys.swift */,
			);
			path = Response;
			sourceTree = "<group>";
		};
/* End PBXGroup section */

/* Begin PBXNativeTarget section */
		53FE7FDB2B2790B700AAD9B6 /* mods-for-melon-playgorund */ = {
			isa = PBXNativeTarget;
			buildConfigurationList = 53FE7FEF2B2790B800AAD9B6 /* Build configuration list for PBXNativeTarget "mods-for-melon-playgorund" */;
			buildPhases = (
				53FE7FD82B2790B700AAD9B6 /* Sources */,
				53FE7FD92B2790B700AAD9B6 /* Frameworks */,
				53FE7FDA2B2790B700AAD9B6 /* Resources */,
				53FE80152B27953500AAD9B6 /* Embed Foundation Extensions */,
			);
			buildRules = (
			);
			dependencies = (
				53FE80102B27953500AAD9B6 /* PBXTargetDependency */,
			);
			name = "mods-for-melon-playgorund";
			packageProductDependencies = (
				53FE7FF32B27925B00AAD9B6 /* SwiftyDropbox */,
				53FE7FF62B27926700AAD9B6 /* DataCache */,
				53FE7FF92B27927D00AAD9B6 /* Resolver */,
				53FE7FFC2B27928B00AAD9B6 /* FlowStacks */,
				53FE7FFF2B2792AA00AAD9B6 /* Adjust */,
				53FE80022B2792BC00AAD9B6 /* Pushwoosh */,
			);
			productName = "mods-for-melon-playgorund";
			productReference = 53FE7FDC2B2790B700AAD9B6 /* mods-for-melon-playgorund.app */;
			productType = "com.apple.product-type.application";
		};
		53FE80092B27953500AAD9B6 /* NotificationService */ = {
			isa = PBXNativeTarget;
			buildConfigurationList = 53FE80122B27953500AAD9B6 /* Build configuration list for PBXNativeTarget "NotificationService" */;
			buildPhases = (
				53FE80062B27953500AAD9B6 /* Sources */,
				53FE80072B27953500AAD9B6 /* Frameworks */,
				53FE80082B27953500AAD9B6 /* Resources */,
			);
			buildRules = (
			);
			dependencies = (
			);
			name = NotificationService;
			productName = NotificationService;
			productReference = 53FE800A2B27953500AAD9B6 /* NotificationService.appex */;
			productType = "com.apple.product-type.app-extension";
		};
/* End PBXNativeTarget section */

/* Begin PBXProject section */
		53FE7FD42B2790B700AAD9B6 /* Project object */ = {
			isa = PBXProject;
			attributes = {
				BuildIndependentTargetsInParallel = 1;
				LastSwiftUpdateCheck = 1510;
				LastUpgradeCheck = 1510;
				TargetAttributes = {
					53FE7FDB2B2790B700AAD9B6 = {
						CreatedOnToolsVersion = 15.1;
					};
					53FE80092B27953500AAD9B6 = {
						CreatedOnToolsVersion = 15.1;
					};
				};
			};
			buildConfigurationList = 53FE7FD72B2790B700AAD9B6 /* Build configuration list for PBXProject "mods-for-melon-playgorund" */;
			compatibilityVersion = "Xcode 14.0";
			developmentRegion = en;
			hasScannedForEncodings = 0;
			knownRegions = (
				en,
				Base,
			);
			mainGroup = 53FE7FD32B2790B700AAD9B6;
			packageReferences = (
				53FE7FF22B27925B00AAD9B6 /* XCRemoteSwiftPackageReference "SwiftyDropbox" */,
				53FE7FF52B27926700AAD9B6 /* XCRemoteSwiftPackageReference "DataCache" */,
				53FE7FF82B27927D00AAD9B6 /* XCRemoteSwiftPackageReference "Resolver" */,
				53FE7FFB2B27928B00AAD9B6 /* XCRemoteSwiftPackageReference "FlowStacks" */,
				53FE7FFE2B2792AA00AAD9B6 /* XCRemoteSwiftPackageReference "ios_sdk" */,
				53FE80012B2792BC00AAD9B6 /* XCRemoteSwiftPackageReference "Pushwoosh-XCFramework" */,
			);
			productRefGroup = 53FE7FDD2B2790B700AAD9B6 /* Products */;
			projectDirPath = "";
			projectRoot = "";
			targets = (
				53FE7FDB2B2790B700AAD9B6 /* mods-for-melon-playgorund */,
				53FE80092B27953500AAD9B6 /* NotificationService */,
			);
		};
/* End PBXProject section */

/* Begin PBXResourcesBuildPhase section */
		53FE7FDA2B2790B700AAD9B6 /* Resources */ = {
			isa = PBXResourcesBuildPhase;
			buildActionMask = 2147483647;
			files = (
				53AA0CA32B290ACB00382D92 /* SF-Pro-Display-Medium.otf in Resources */,
				53AA0CA52B290ACB00382D92 /* SF-Pro-Display-Light.otf in Resources */,
				53AA0CA62B290ACB00382D92 /* SF-Pro-Display-Bold.otf in Resources */,
				533AFD8E2B2A473700CC63E4 /* SF-Pro-Display-Black.otf in Resources */,
				53AA0CA72B290ACB00382D92 /* SF-Pro-Display-Semibold.otf in Resources */,
				53FE7FE72B2790B800AAD9B6 /* Preview Assets.xcassets in Resources */,
				53AA0CA42B290ACB00382D92 /* SF-Pro-Display-Regular.otf in Resources */,
				53FE7FE42B2790B800AAD9B6 /* Assets.xcassets in Resources */,
				5334C1F02B2B1293002A7E40 /* Mitr-Medium.ttf in Resources */,
			);
			runOnlyForDeploymentPostprocessing = 0;
		};
		53FE80082B27953500AAD9B6 /* Resources */ = {
			isa = PBXResourcesBuildPhase;
			buildActionMask = 2147483647;
			files = (
			);
			runOnlyForDeploymentPostprocessing = 0;
		};
/* End PBXResourcesBuildPhase section */

/* Begin PBXSourcesBuildPhase section */
		53FE7FD82B2790B700AAD9B6 /* Sources */ = {
			isa = PBXSourcesBuildPhase;
			buildActionMask = 2147483647;
			files = (
				53ED78932B28F8DE00952BA8 /* SkinsMO+CoreDataProperties.swift in Sources */,
				5362C6532B2E4332000FD37B /* SettingsView.swift in Sources */,
				53FE804F2B27972C00AAD9B6 /* ReadSize_MMP.swift in Sources */,
				53FE80892B279F1500AAD9B6 /* AVAudioPlayerManager_MMP.swift in Sources */,
				533AFD942B2A4CA600CC63E4 /* CategoryGrid_MMP.swift in Sources */,
				53ED78922B28F8DE00952BA8 /* CategoriesMO+CoreDataProperties.swift in Sources */,
				53ED78942B28F8DE00952BA8 /* EditorMO+CoreDataClass.swift in Sources */,
				5362C6672B2F1512000FD37B /* DropDown_MMP.swift in Sources */,
				53FE80952B27A0E100AAD9B6 /* HTTP_MMP.swift in Sources */,
				53FE80642B27972C00AAD9B6 /* Button_MMP+Style.swift in Sources */,
				53AA0C9D2B29060500382D92 /* TabView_MMP+Appearance.swift in Sources */,
				532092C72B2A2BCB0001BB8F /* HomeView_MMP.swift in Sources */,
				53793E032B2CC4B100FC161E /* HomeDetailView_MMP.swift in Sources */,
				53ED78982B28F8DE00952BA8 /* ModsMO+CoreDataProperties.swift in Sources */,
				53FE804E2B27972C00AAD9B6 /* ViewDidLoadModifier_MMP.swift in Sources */,
				53FE80472B27972C00AAD9B6 /* UIApplication_MMP+Ext.swift in Sources */,
				53793E082B2CCE9A00FC161E /* HomeListView_MMP.swift in Sources */,
				53FE80632B27972C00AAD9B6 /* BarProgress_MMP+Style.swift in Sources */,
				53FE808C2B279F1500AAD9B6 /* ImageSaverManager_MMP.swift in Sources */,
				533AFD902B2A4AC300CC63E4 /* RoundedRectangle_MMP.swift in Sources */,
				53FE80732B279C6100AAD9B6 /* SlimLogglyDestinationConfig_MMP.swift in Sources */,
				53ED788F2B28F8DE00952BA8 /* SkinsMO+CoreDataClass.swift in Sources */,
				53ED78902B28F8DE00952BA8 /* EditorMO+CoreDataProperties.swift in Sources */,
				53FE80752B279C6100AAD9B6 /* SlimLogger_MMP.swift in Sources */,
				53EDB8402B2F56C30009E0E5 /* EditorProperty_MMP.swift in Sources */,
				53FE80AF2B27B33F00AAD9B6 /* SplashScreen_MMP.swift in Sources */,
				53FE80812B279E7400AAD9B6 /* MainRoute_MMP+DeepLink.swift in Sources */,
				53FE805E2B27972C00AAD9B6 /* CustomSheetModel_MMP.swift in Sources */,
				53FE805D2B27972C00AAD9B6 /* ZStackWithBackground_MMP.swift in Sources */,
				53FE804A2B27972C00AAD9B6 /* Task_MMP+Ext.swift in Sources */,
				53793E052B2CC70500FC161E /* RectangleButton_MMP.swift in Sources */,
				53FE80602B27972C00AAD9B6 /* CustomSheet_MMP+Modifier.swift in Sources */,
				533285EB2B2F2E6800CD087D /* MyWorks+CoreDataProperties.swift in Sources */,
				53FE80932B27A01A00AAD9B6 /* HomeDataAPI_MMP.swift in Sources */,
				539627632B3203270012BF3A /* TempEditorModel.swift in Sources */,
				53FE80512B27972C00AAD9B6 /* DeviceFrameAspectModifier_MMP.swift in Sources */,
				53FE80502B27972C00AAD9B6 /* CornerRadius_MMP+Corner.swift in Sources */,
				533285F22B2F452800CD087D /* EditorMistTemplates_MMP.swift in Sources */,
				533285F42B2F4B5200CD087D /* EditorColider_MMP.swift in Sources */,
				5362C65A2B2F00F5000FD37B /* EditorHomeView_MMP.swift in Sources */,
				53FE809E2B27A3AA00AAD9B6 /* BaseVM_MMP.swift in Sources */,
				53FE804C2B27972C00AAD9B6 /* UserDefaults_MMP+Ext.swift in Sources */,
				5334C1F62B2B285B002A7E40 /* ParentMO+CoreDataProperties.swift in Sources */,
				53FE80532B27972C00AAD9B6 /* DeviceAspectRatioModifier_MMP.swift in Sources */,
				5362C65D2B2F02B1000FD37B /* EditorSectionButton.swift in Sources */,
				53EDB8422B2F65010009E0E5 /* PhotoPicker_MMP.swift in Sources */,
				533AFD922B2A4BE700CC63E4 /* SectionButton.swift in Sources */,
				53ED789C2B28F9C300952BA8 /* LocalModel_MMP.swift in Sources */,
				53FE80622B27972C00AAD9B6 /* CustomSheet_MMP.swift in Sources */,
				53FE80762B279C6100AAD9B6 /* SlimLoggerConfig_MMP.swift in Sources */,
				53FE808E2B279F6800AAD9B6 /* AppConstants_MMP.swift in Sources */,
				53C5589A2B30CC720051F342 /* CustomSlider_MMP.swift in Sources */,
				539627612B31FFB00012BF3A /* Binding+Ext.swift in Sources */,
				53FE80542B27972C00AAD9B6 /* DeviceFontModifier_MMP.swift in Sources */,
				53FE804B2B27972C00AAD9B6 /* Data_MMP+Ext .swift in Sources */,
				53FE80992B27A20200AAD9B6 /* Font_MMP+Ext.swift in Sources */,
				53FE80652B27972C00AAD9B6 /* Shape_MMP+Ext.swift in Sources */,
				53FE80832B279E9C00AAD9B6 /* MainNavigationStore_MMP.swift in Sources */,
				532092C92B2A2F7F0001BB8F /* ScrollViewFitContent.swift in Sources */,
				5334E0CD2B2A630900FF8650 /* DynamicFetchView.swift in Sources */,
				5334E0CF2B2B00F500FF8650 /* FilterView_MMP.swift in Sources */,
				53C2A2552B308C2700376BD8 /* HomeDetailCardView_MMP.swift in Sources */,
				53FE80A12B27AB5000AAD9B6 /* ContentType_MMP.swift in Sources */,
				53ED78952B28F8DE00952BA8 /* ItemsMO+CoreDataProperties.swift in Sources */,
				53FE80482B27972C00AAD9B6 /* FileManager_MMP+Ext.swift in Sources */,
				53ED78A22B29028D00952BA8 /* TabFlowView.swift in Sources */,
				53FE80912B279FF400AAD9B6 /* APIError_MMP.swift in Sources */,
				53FE80552B27972C00AAD9B6 /* DevicePaddingModifier_MMP.swift in Sources */,
				5362C65F2B2F038A000FD37B /* EditorListView_MMP.swift in Sources */,
				53FE80722B279C6100AAD9B6 /* Logger_MMP.swift in Sources */,
				5362C6652B2F146B000FD37B /* EditorView_MMP.swift in Sources */,
				53ED78962B28F8DE00952BA8 /* ModsMO+CoreDataClass.swift in Sources */,
				5330CB662B2DBEE90054EC33 /* DisabledWithOpacity_MMP.swift in Sources */,
				53FE807E2B279E1800AAD9B6 /* CoreDataStoreMock_MMP.swift in Sources */,
				53FE809B2B27A34B00AAD9B6 /* AppDelegate.swift in Sources */,
				53FE80742B279C6100AAD9B6 /* SlimLogglyDestination_MMP.swift in Sources */,
				53FE7FEC2B2790B800AAD9B6 /* mods_for_melon_playgorund.xcdatamodeld in Sources */,
				53FE80442B27972C00AAD9B6 /* Closure_MMP+Ext.swift in Sources */,
				53FE808A2B279F1500AAD9B6 /* DropBoxManager_MMP.swift in Sources */,
				53FE80B32B27B7F400AAD9B6 /* RepsponseKeys.swift in Sources */,
				53C2A2522B2F95A400376BD8 /* EditorListRowView.swift in Sources */,
				5334C1F22B2B2450002A7E40 /* OverFullScreenUIKit.swift in Sources */,
				53FE80522B27972C00AAD9B6 /* DeviceFrameModifier_MMP.swift in Sources */,
				5362C6552B2EF4F1000FD37B /* EditorContentType.swift in Sources */,
				53FE80612B27972C00AAD9B6 /* AsyncLoadingImage_MMP.swift in Sources */,
				53FE80462B27972C00AAD9B6 /* ForEach_MMP+Ext.swift in Sources */,
				5362C6502B2E3E8B000FD37B /* FavoritesDetailView.swift in Sources */,
				533285ED2B2F2ECA00CD087D /* EditorHomeMyWorkView_MMP.swift in Sources */,
				53FE804D2B27972C00AAD9B6 /* Optional_MMP+Ext.swift in Sources */,
				53EDB83E2B2F52350009E0E5 /* EditorSetTexture_MMP.swift in Sources */,
				53ED788E2B28F8DE00952BA8 /* CategoriesMO+CoreDataClass.swift in Sources */,
				53FE807A2B279DB700AAD9B6 /* CoreDataStore_MMP.swift in Sources */,
				53FE805A2B27972C00AAD9B6 /* RectangleShadow_MMP.swift in Sources */,
				53FE80662B27972C00AAD9B6 /* LargeButton_MMP.swift in Sources */,
				53FE80772B279C6100AAD9B6 /* Utilities_MMP.swift in Sources */,
				53FE808B2B279F1500AAD9B6 /* ThirdPartyServicesManager_MMP.swift in Sources */,
				5362C66A2B2F2409000FD37B /* EditorController_MMP.swift in Sources */,
				5334C1F52B2B285B002A7E40 /* ParentMO+CoreDataClass.swift in Sources */,
				53FE807C2B279DFE00AAD9B6 /* NSFetchRequest_MMP+Extension.swift in Sources */,
				53FE7FE22B2790B700AAD9B6 /* ContentView.swift in Sources */,
				53FE805B2B27972C00AAD9B6 /* BottomSheetView_MMP.swift in Sources */,
				5362C64E2B2E3E7E000FD37B /* FavoritesView_MMP.swift in Sources */,
				53ED78912B28F8DE00952BA8 /* ItemsMO+CoreDataClass.swift in Sources */,
				53FE7FE02B2790B700AAD9B6 /* mods_for_melon_playgorundApp.swift in Sources */,
				53FE80782B279C6100AAD9B6 /* NetworkMonitor_MMP.swift in Sources */,
				53D7EADD2B31A1B6005534EB /* CustomTabBar.swift in Sources */,
				53FE80572B27972C00AAD9B6 /* ContentWithSpacer_MMP.swift in Sources */,
				533285EA2B2F2E6800CD087D /* MyWorks+CoreDataClass.swift in Sources */,
				53FE80682B279C1600AAD9B6 /* app_MMP+Resolver.swift in Sources */,
				53B713B52B2DFE8500F10F56 /* SkinsListView_MMP.swift in Sources */,
				53FE805F2B27972C00AAD9B6 /* CustomSheetView_MMP.swift in Sources */,
				53FE80B12B27B75900AAD9B6 /* Codable_MMP+Ext.swift in Sources */,
				533AFD8C2B2A3E7500CC63E4 /* SearchTextField_MMP.swift in Sources */,
			);
			runOnlyForDeploymentPostprocessing = 0;
		};
		53FE80062B27953500AAD9B6 /* Sources */ = {
			isa = PBXSourcesBuildPhase;
			buildActionMask = 2147483647;
			files = (
				53FE800D2B27953500AAD9B6 /* NotificationService.swift in Sources */,
			);
			runOnlyForDeploymentPostprocessing = 0;
		};
/* End PBXSourcesBuildPhase section */

/* Begin PBXTargetDependency section */
		53FE80102B27953500AAD9B6 /* PBXTargetDependency */ = {
			isa = PBXTargetDependency;
			target = 53FE80092B27953500AAD9B6 /* NotificationService */;
			targetProxy = 53FE800F2B27953500AAD9B6 /* PBXContainerItemProxy */;
		};
/* End PBXTargetDependency section */

/* Begin XCBuildConfiguration section */
		53FE7FED2B2790B800AAD9B6 /* Debug */ = {
			isa = XCBuildConfiguration;
			buildSettings = {
				ALWAYS_SEARCH_USER_PATHS = NO;
				ASSETCATALOG_COMPILER_GENERATE_SWIFT_ASSET_SYMBOL_EXTENSIONS = YES;
				CLANG_ANALYZER_NONNULL = YES;
				CLANG_ANALYZER_NUMBER_OBJECT_CONVERSION = YES_AGGRESSIVE;
				CLANG_CXX_LANGUAGE_STANDARD = "gnu++20";
				CLANG_ENABLE_MODULES = YES;
				CLANG_ENABLE_OBJC_ARC = YES;
				CLANG_ENABLE_OBJC_WEAK = YES;
				CLANG_WARN_BLOCK_CAPTURE_AUTORELEASING = YES;
				CLANG_WARN_BOOL_CONVERSION = YES;
				CLANG_WARN_COMMA = YES;
				CLANG_WARN_CONSTANT_CONVERSION = YES;
				CLANG_WARN_DEPRECATED_OBJC_IMPLEMENTATIONS = YES;
				CLANG_WARN_DIRECT_OBJC_ISA_USAGE = YES_ERROR;
				CLANG_WARN_DOCUMENTATION_COMMENTS = YES;
				CLANG_WARN_EMPTY_BODY = YES;
				CLANG_WARN_ENUM_CONVERSION = YES;
				CLANG_WARN_INFINITE_RECURSION = YES;
				CLANG_WARN_INT_CONVERSION = YES;
				CLANG_WARN_NON_LITERAL_NULL_CONVERSION = YES;
				CLANG_WARN_OBJC_IMPLICIT_RETAIN_SELF = YES;
				CLANG_WARN_OBJC_LITERAL_CONVERSION = YES;
				CLANG_WARN_OBJC_ROOT_CLASS = YES_ERROR;
				CLANG_WARN_QUOTED_INCLUDE_IN_FRAMEWORK_HEADER = YES;
				CLANG_WARN_RANGE_LOOP_ANALYSIS = YES;
				CLANG_WARN_STRICT_PROTOTYPES = YES;
				CLANG_WARN_SUSPICIOUS_MOVE = YES;
				CLANG_WARN_UNGUARDED_AVAILABILITY = YES_AGGRESSIVE;
				CLANG_WARN_UNREACHABLE_CODE = YES;
				CLANG_WARN__DUPLICATE_METHOD_MATCH = YES;
				COPY_PHASE_STRIP = NO;
				DEBUG_INFORMATION_FORMAT = dwarf;
				ENABLE_STRICT_OBJC_MSGSEND = YES;
				ENABLE_TESTABILITY = YES;
				ENABLE_USER_SCRIPT_SANDBOXING = YES;
				GCC_C_LANGUAGE_STANDARD = gnu17;
				GCC_DYNAMIC_NO_PIC = NO;
				GCC_NO_COMMON_BLOCKS = YES;
				GCC_OPTIMIZATION_LEVEL = 0;
				GCC_PREPROCESSOR_DEFINITIONS = (
					"DEBUG=1",
					"$(inherited)",
				);
				GCC_WARN_64_TO_32_BIT_CONVERSION = YES;
				GCC_WARN_ABOUT_RETURN_TYPE = YES_ERROR;
				GCC_WARN_UNDECLARED_SELECTOR = YES;
				GCC_WARN_UNINITIALIZED_AUTOS = YES_AGGRESSIVE;
				GCC_WARN_UNUSED_FUNCTION = YES;
				GCC_WARN_UNUSED_VARIABLE = YES;
				IPHONEOS_DEPLOYMENT_TARGET = 17.2;
				LOCALIZATION_PREFERS_STRING_CATALOGS = YES;
				MTL_ENABLE_DEBUG_INFO = INCLUDE_SOURCE;
				MTL_FAST_MATH = YES;
				ONLY_ACTIVE_ARCH = YES;
				SDKROOT = iphoneos;
				SWIFT_ACTIVE_COMPILATION_CONDITIONS = "DEBUG $(inherited)";
				SWIFT_OPTIMIZATION_LEVEL = "-Onone";
			};
			name = Debug;
		};
		53FE7FEE2B2790B800AAD9B6 /* Release */ = {
			isa = XCBuildConfiguration;
			buildSettings = {
				ALWAYS_SEARCH_USER_PATHS = NO;
				ASSETCATALOG_COMPILER_GENERATE_SWIFT_ASSET_SYMBOL_EXTENSIONS = YES;
				CLANG_ANALYZER_NONNULL = YES;
				CLANG_ANALYZER_NUMBER_OBJECT_CONVERSION = YES_AGGRESSIVE;
				CLANG_CXX_LANGUAGE_STANDARD = "gnu++20";
				CLANG_ENABLE_MODULES = YES;
				CLANG_ENABLE_OBJC_ARC = YES;
				CLANG_ENABLE_OBJC_WEAK = YES;
				CLANG_WARN_BLOCK_CAPTURE_AUTORELEASING = YES;
				CLANG_WARN_BOOL_CONVERSION = YES;
				CLANG_WARN_COMMA = YES;
				CLANG_WARN_CONSTANT_CONVERSION = YES;
				CLANG_WARN_DEPRECATED_OBJC_IMPLEMENTATIONS = YES;
				CLANG_WARN_DIRECT_OBJC_ISA_USAGE = YES_ERROR;
				CLANG_WARN_DOCUMENTATION_COMMENTS = YES;
				CLANG_WARN_EMPTY_BODY = YES;
				CLANG_WARN_ENUM_CONVERSION = YES;
				CLANG_WARN_INFINITE_RECURSION = YES;
				CLANG_WARN_INT_CONVERSION = YES;
				CLANG_WARN_NON_LITERAL_NULL_CONVERSION = YES;
				CLANG_WARN_OBJC_IMPLICIT_RETAIN_SELF = YES;
				CLANG_WARN_OBJC_LITERAL_CONVERSION = YES;
				CLANG_WARN_OBJC_ROOT_CLASS = YES_ERROR;
				CLANG_WARN_QUOTED_INCLUDE_IN_FRAMEWORK_HEADER = YES;
				CLANG_WARN_RANGE_LOOP_ANALYSIS = YES;
				CLANG_WARN_STRICT_PROTOTYPES = YES;
				CLANG_WARN_SUSPICIOUS_MOVE = YES;
				CLANG_WARN_UNGUARDED_AVAILABILITY = YES_AGGRESSIVE;
				CLANG_WARN_UNREACHABLE_CODE = YES;
				CLANG_WARN__DUPLICATE_METHOD_MATCH = YES;
				COPY_PHASE_STRIP = NO;
				DEBUG_INFORMATION_FORMAT = "dwarf-with-dsym";
				ENABLE_NS_ASSERTIONS = NO;
				ENABLE_STRICT_OBJC_MSGSEND = YES;
				ENABLE_USER_SCRIPT_SANDBOXING = YES;
				GCC_C_LANGUAGE_STANDARD = gnu17;
				GCC_NO_COMMON_BLOCKS = YES;
				GCC_WARN_64_TO_32_BIT_CONVERSION = YES;
				GCC_WARN_ABOUT_RETURN_TYPE = YES_ERROR;
				GCC_WARN_UNDECLARED_SELECTOR = YES;
				GCC_WARN_UNINITIALIZED_AUTOS = YES_AGGRESSIVE;
				GCC_WARN_UNUSED_FUNCTION = YES;
				GCC_WARN_UNUSED_VARIABLE = YES;
				IPHONEOS_DEPLOYMENT_TARGET = 17.2;
				LOCALIZATION_PREFERS_STRING_CATALOGS = YES;
				MTL_ENABLE_DEBUG_INFO = NO;
				MTL_FAST_MATH = YES;
				SDKROOT = iphoneos;
				SWIFT_COMPILATION_MODE = wholemodule;
				VALIDATE_PRODUCT = YES;
			};
			name = Release;
		};
		53FE7FF02B2790B800AAD9B6 /* Debug */ = {
			isa = XCBuildConfiguration;
			buildSettings = {
				ALWAYS_EMBED_SWIFT_STANDARD_LIBRARIES = YES;
				ASSETCATALOG_COMPILER_APPICON_NAME = AppIcon;
				ASSETCATALOG_COMPILER_GLOBAL_ACCENT_COLOR_NAME = AccentColor;
				CODE_SIGN_ENTITLEMENTS = "mods-for-melon-playgorund/mods-for-melon-playgorund.entitlements";
				CODE_SIGN_STYLE = Automatic;
				CURRENT_PROJECT_VERSION = 1;
				DEVELOPMENT_ASSET_PATHS = "\"mods-for-melon-playgorund/Preview Content\"";
				DEVELOPMENT_TEAM = 4LMH8QQN35;
				ENABLE_PREVIEWS = YES;
				GENERATE_INFOPLIST_FILE = YES;
				INFOPLIST_FILE = "mods-for-melon-playgorund/Info.plist";
				INFOPLIST_KEY_NSPhotoLibraryAddUsageDescription = "We want to save the image";
				INFOPLIST_KEY_NSUserTrackingUsageDescription = "This identifier will be used to deliver personalized ads to you.";
				INFOPLIST_KEY_UIApplicationSceneManifest_Generation = YES;
				INFOPLIST_KEY_UIApplicationSupportsIndirectInputEvents = YES;
				INFOPLIST_KEY_UILaunchScreen_Generation = YES;
				INFOPLIST_KEY_UISupportedInterfaceOrientations = UIInterfaceOrientationPortrait;
				IPHONEOS_DEPLOYMENT_TARGET = 15.0;
				LD_RUNPATH_SEARCH_PATHS = (
					"$(inherited)",
					"@executable_path/Frameworks",
				);
				MARKETING_VERSION = 1.0;
				PRODUCT_BUNDLE_IDENTIFIER = com.demax.digital.development;
				PRODUCT_NAME = "$(TARGET_NAME)";
				SWIFT_EMIT_LOC_STRINGS = YES;
				SWIFT_VERSION = 5.0;
				TARGETED_DEVICE_FAMILY = "1,2";
			};
			name = Debug;
		};
		53FE7FF12B2790B800AAD9B6 /* Release */ = {
			isa = XCBuildConfiguration;
			buildSettings = {
				ALWAYS_EMBED_SWIFT_STANDARD_LIBRARIES = YES;
				ASSETCATALOG_COMPILER_APPICON_NAME = AppIcon;
				ASSETCATALOG_COMPILER_GLOBAL_ACCENT_COLOR_NAME = AccentColor;
				CODE_SIGN_ENTITLEMENTS = "mods-for-melon-playgorund/mods-for-melon-playgorund.entitlements";
				CODE_SIGN_STYLE = Automatic;
				CURRENT_PROJECT_VERSION = 1;
				DEVELOPMENT_ASSET_PATHS = "\"mods-for-melon-playgorund/Preview Content\"";
				DEVELOPMENT_TEAM = 4LMH8QQN35;
				ENABLE_PREVIEWS = YES;
				GENERATE_INFOPLIST_FILE = YES;
				INFOPLIST_FILE = "mods-for-melon-playgorund/Info.plist";
				INFOPLIST_KEY_NSPhotoLibraryAddUsageDescription = "We want to save the image";
				INFOPLIST_KEY_NSUserTrackingUsageDescription = "This identifier will be used to deliver personalized ads to you.";
				INFOPLIST_KEY_UIApplicationSceneManifest_Generation = YES;
				INFOPLIST_KEY_UIApplicationSupportsIndirectInputEvents = YES;
				INFOPLIST_KEY_UILaunchScreen_Generation = YES;
				INFOPLIST_KEY_UISupportedInterfaceOrientations = UIInterfaceOrientationPortrait;
				IPHONEOS_DEPLOYMENT_TARGET = 15.0;
				LD_RUNPATH_SEARCH_PATHS = (
					"$(inherited)",
					"@executable_path/Frameworks",
				);
				MARKETING_VERSION = 1.0;
				PRODUCT_BUNDLE_IDENTIFIER = com.demax.digital.development;
				PRODUCT_NAME = "$(TARGET_NAME)";
				SWIFT_EMIT_LOC_STRINGS = YES;
				SWIFT_VERSION = 5.0;
				TARGETED_DEVICE_FAMILY = "1,2";
			};
			name = Release;
		};
		53FE80132B27953500AAD9B6 /* Debug */ = {
			isa = XCBuildConfiguration;
			buildSettings = {
				CODE_SIGN_ENTITLEMENTS = NotificationService/NotificationService.entitlements;
				CODE_SIGN_STYLE = Automatic;
				CURRENT_PROJECT_VERSION = 1;
				DEVELOPMENT_TEAM = 4LMH8QQN35;
				GENERATE_INFOPLIST_FILE = YES;
				INFOPLIST_FILE = NotificationService/Info.plist;
				INFOPLIST_KEY_CFBundleDisplayName = NotificationService;
				INFOPLIST_KEY_NSHumanReadableCopyright = "";
				INFOPLIST_KEY_NSPhotoLibraryAddUsageDescription = "We want to save the image";
				INFOPLIST_KEY_NSUserTrackingUsageDescription = "This identifier will be used to deliver personalized ads to you.";
				IPHONEOS_DEPLOYMENT_TARGET = 15.0;
				LD_RUNPATH_SEARCH_PATHS = (
					"$(inherited)",
					"@executable_path/Frameworks",
					"@executable_path/../../Frameworks",
				);
				MARKETING_VERSION = 1.0;
				PRODUCT_BUNDLE_IDENTIFIER = com.demax.digital.development.NotificationService;
				PRODUCT_NAME = "$(TARGET_NAME)";
				SKIP_INSTALL = YES;
				SWIFT_EMIT_LOC_STRINGS = YES;
				SWIFT_VERSION = 5.0;
				TARGETED_DEVICE_FAMILY = "1,2";
			};
			name = Debug;
		};
		53FE80142B27953500AAD9B6 /* Release */ = {
			isa = XCBuildConfiguration;
			buildSettings = {
				CODE_SIGN_ENTITLEMENTS = NotificationService/NotificationService.entitlements;
				CODE_SIGN_STYLE = Automatic;
				CURRENT_PROJECT_VERSION = 1;
				DEVELOPMENT_TEAM = 4LMH8QQN35;
				GENERATE_INFOPLIST_FILE = YES;
				INFOPLIST_FILE = NotificationService/Info.plist;
				INFOPLIST_KEY_CFBundleDisplayName = NotificationService;
				INFOPLIST_KEY_NSHumanReadableCopyright = "";
				INFOPLIST_KEY_NSPhotoLibraryAddUsageDescription = "We want to save the image";
				INFOPLIST_KEY_NSUserTrackingUsageDescription = "This identifier will be used to deliver personalized ads to you.";
				IPHONEOS_DEPLOYMENT_TARGET = 15.0;
				LD_RUNPATH_SEARCH_PATHS = (
					"$(inherited)",
					"@executable_path/Frameworks",
					"@executable_path/../../Frameworks",
				);
				MARKETING_VERSION = 1.0;
				PRODUCT_BUNDLE_IDENTIFIER = com.demax.digital.development.NotificationService;
				PRODUCT_NAME = "$(TARGET_NAME)";
				SKIP_INSTALL = YES;
				SWIFT_EMIT_LOC_STRINGS = YES;
				SWIFT_VERSION = 5.0;
				TARGETED_DEVICE_FAMILY = "1,2";
			};
			name = Release;
		};
/* End XCBuildConfiguration section */

/* Begin XCConfigurationList section */
		53FE7FD72B2790B700AAD9B6 /* Build configuration list for PBXProject "mods-for-melon-playgorund" */ = {
			isa = XCConfigurationList;
			buildConfigurations = (
				53FE7FED2B2790B800AAD9B6 /* Debug */,
				53FE7FEE2B2790B800AAD9B6 /* Release */,
			);
			defaultConfigurationIsVisible = 0;
			defaultConfigurationName = Release;
		};
		53FE7FEF2B2790B800AAD9B6 /* Build configuration list for PBXNativeTarget "mods-for-melon-playgorund" */ = {
			isa = XCConfigurationList;
			buildConfigurations = (
				53FE7FF02B2790B800AAD9B6 /* Debug */,
				53FE7FF12B2790B800AAD9B6 /* Release */,
			);
			defaultConfigurationIsVisible = 0;
			defaultConfigurationName = Release;
		};
		53FE80122B27953500AAD9B6 /* Build configuration list for PBXNativeTarget "NotificationService" */ = {
			isa = XCConfigurationList;
			buildConfigurations = (
				53FE80132B27953500AAD9B6 /* Debug */,
				53FE80142B27953500AAD9B6 /* Release */,
			);
			defaultConfigurationIsVisible = 0;
			defaultConfigurationName = Release;
		};
/* End XCConfigurationList section */

/* Begin XCRemoteSwiftPackageReference section */
		53FE7FF22B27925B00AAD9B6 /* XCRemoteSwiftPackageReference "SwiftyDropbox" */ = {
			isa = XCRemoteSwiftPackageReference;
			repositoryURL = "https://github.com/dropbox/SwiftyDropbox";
			requirement = {
				kind = upToNextMajorVersion;
				minimumVersion = 9.2.0;
			};
		};
		53FE7FF52B27926700AAD9B6 /* XCRemoteSwiftPackageReference "DataCache" */ = {
			isa = XCRemoteSwiftPackageReference;
			repositoryURL = "https://github.com/huynguyencong/DataCache";
			requirement = {
				kind = upToNextMajorVersion;
				minimumVersion = 1.7.0;
			};
		};
		53FE7FF82B27927D00AAD9B6 /* XCRemoteSwiftPackageReference "Resolver" */ = {
			isa = XCRemoteSwiftPackageReference;
			repositoryURL = "https://github.com/hmlongco/Resolver";
			requirement = {
				kind = upToNextMajorVersion;
				minimumVersion = 1.5.0;
			};
		};
		53FE7FFB2B27928B00AAD9B6 /* XCRemoteSwiftPackageReference "FlowStacks" */ = {
			isa = XCRemoteSwiftPackageReference;
			repositoryURL = "https://github.com/johnpatrickmorgan/FlowStacks";
			requirement = {
				kind = upToNextMajorVersion;
				minimumVersion = 0.3.7;
			};
		};
		53FE7FFE2B2792AA00AAD9B6 /* XCRemoteSwiftPackageReference "ios_sdk" */ = {
			isa = XCRemoteSwiftPackageReference;
			repositoryURL = "https://github.com/adjust/ios_sdk";
			requirement = {
				branch = master;
				kind = branch;
			};
		};
		53FE80012B2792BC00AAD9B6 /* XCRemoteSwiftPackageReference "Pushwoosh-XCFramework" */ = {
			isa = XCRemoteSwiftPackageReference;
			repositoryURL = "https://github.com/Pushwoosh/Pushwoosh-XCFramework";
			requirement = {
				kind = upToNextMajorVersion;
				minimumVersion = 6.5.5;
			};
		};
/* End XCRemoteSwiftPackageReference section */

/* Begin XCSwiftPackageProductDependency section */
		53FE7FF32B27925B00AAD9B6 /* SwiftyDropbox */ = {
			isa = XCSwiftPackageProductDependency;
			package = 53FE7FF22B27925B00AAD9B6 /* XCRemoteSwiftPackageReference "SwiftyDropbox" */;
			productName = SwiftyDropbox;
		};
		53FE7FF62B27926700AAD9B6 /* DataCache */ = {
			isa = XCSwiftPackageProductDependency;
			package = 53FE7FF52B27926700AAD9B6 /* XCRemoteSwiftPackageReference "DataCache" */;
			productName = DataCache;
		};
		53FE7FF92B27927D00AAD9B6 /* Resolver */ = {
			isa = XCSwiftPackageProductDependency;
			package = 53FE7FF82B27927D00AAD9B6 /* XCRemoteSwiftPackageReference "Resolver" */;
			productName = Resolver;
		};
		53FE7FFC2B27928B00AAD9B6 /* FlowStacks */ = {
			isa = XCSwiftPackageProductDependency;
			package = 53FE7FFB2B27928B00AAD9B6 /* XCRemoteSwiftPackageReference "FlowStacks" */;
			productName = FlowStacks;
		};
		53FE7FFF2B2792AA00AAD9B6 /* Adjust */ = {
			isa = XCSwiftPackageProductDependency;
			package = 53FE7FFE2B2792AA00AAD9B6 /* XCRemoteSwiftPackageReference "ios_sdk" */;
			productName = Adjust;
		};
		53FE80022B2792BC00AAD9B6 /* Pushwoosh */ = {
			isa = XCSwiftPackageProductDependency;
			package = 53FE80012B2792BC00AAD9B6 /* XCRemoteSwiftPackageReference "Pushwoosh-XCFramework" */;
			productName = Pushwoosh;
		};
/* End XCSwiftPackageProductDependency section */

/* Begin XCVersionGroup section */
		53FE7FEA2B2790B800AAD9B6 /* mods_for_melon_playgorund.xcdatamodeld */ = {
			isa = XCVersionGroup;
			children = (
				53FE7FEB2B2790B800AAD9B6 /* mods_for_melon_playgorund.xcdatamodel */,
			);
			currentVersion = 53FE7FEB2B2790B800AAD9B6 /* mods_for_melon_playgorund.xcdatamodel */;
			path = mods_for_melon_playgorund.xcdatamodeld;
			sourceTree = "<group>";
			versionGroupType = wrapper.xcdatamodel;
		};
/* End XCVersionGroup section */
	};
	rootObject = 53FE7FD42B2790B700AAD9B6 /* Project object */;
}
