// !$*UTF8*$!
{
	archiveVersion = 1;
	classes = {
	};
	objectVersion = 56;
	objects = {

/* Begin PBXBuildFile section */
		53FE7FE02B2790B700AAD9B6 /* mods_for_melon_playgorundApp.swift in Sources */ = {isa = PBXBuildFile; fileRef = 53FE7FDF2B2790B700AAD9B6 /* mods_for_melon_playgorundApp.swift */; };
		53FE7FE22B2790B700AAD9B6 /* ContentView.swift in Sources */ = {isa = PBXBuildFile; fileRef = 53FE7FE12B2790B700AAD9B6 /* ContentView.swift */; };
		53FE7FE42B2790B800AAD9B6 /* Assets.xcassets in Resources */ = {isa = PBXBuildFile; fileRef = 53FE7FE32B2790B800AAD9B6 /* Assets.xcassets */; };
		53FE7FE72B2790B800AAD9B6 /* Preview Assets.xcassets in Resources */ = {isa = PBXBuildFile; fileRef = 53FE7FE62B2790B800AAD9B6 /* Preview Assets.xcassets */; };
		53FE7FE92B2790B800AAD9B6 /* Persistence.swift in Sources */ = {isa = PBXBuildFile; fileRef = 53FE7FE82B2790B800AAD9B6 /* Persistence.swift */; };
		53FE7FEC2B2790B800AAD9B6 /* mods_for_melon_playgorund.xcdatamodeld in Sources */ = {isa = PBXBuildFile; fileRef = 53FE7FEA2B2790B800AAD9B6 /* mods_for_melon_playgorund.xcdatamodeld */; };
/* End PBXBuildFile section */

/* Begin PBXFileReference section */
		53FE7FDC2B2790B700AAD9B6 /* mods-for-melon-playgorund.app */ = {isa = PBXFileReference; explicitFileType = wrapper.application; includeInIndex = 0; path = "mods-for-melon-playgorund.app"; sourceTree = BUILT_PRODUCTS_DIR; };
		53FE7FDF2B2790B700AAD9B6 /* mods_for_melon_playgorundApp.swift */ = {isa = PBXFileReference; lastKnownFileType = sourcecode.swift; path = mods_for_melon_playgorundApp.swift; sourceTree = "<group>"; };
		53FE7FE12B2790B700AAD9B6 /* ContentView.swift */ = {isa = PBXFileReference; lastKnownFileType = sourcecode.swift; path = ContentView.swift; sourceTree = "<group>"; };
		53FE7FE32B2790B800AAD9B6 /* Assets.xcassets */ = {isa = PBXFileReference; lastKnownFileType = folder.assetcatalog; path = Assets.xcassets; sourceTree = "<group>"; };
		53FE7FE62B2790B800AAD9B6 /* Preview Assets.xcassets */ = {isa = PBXFileReference; lastKnownFileType = folder.assetcatalog; path = "Preview Assets.xcassets"; sourceTree = "<group>"; };
		53FE7FE82B2790B800AAD9B6 /* Persistence.swift */ = {isa = PBXFileReference; lastKnownFileType = sourcecode.swift; path = Persistence.swift; sourceTree = "<group>"; };
		53FE7FEB2B2790B800AAD9B6 /* mods_for_melon_playgorund.xcdatamodel */ = {isa = PBXFileReference; lastKnownFileType = wrapper.xcdatamodel; path = mods_for_melon_playgorund.xcdatamodel; sourceTree = "<group>"; };
/* End PBXFileReference section */

/* Begin PBXFrameworksBuildPhase section */
		53FE7FD92B2790B700AAD9B6 /* Frameworks */ = {
			isa = PBXFrameworksBuildPhase;
			buildActionMask = 2147483647;
			files = (
			);
			runOnlyForDeploymentPostprocessing = 0;
		};
/* End PBXFrameworksBuildPhase section */

/* Begin PBXGroup section */
		53FE7FD32B2790B700AAD9B6 = {
			isa = PBXGroup;
			children = (
				53FE7FDE2B2790B700AAD9B6 /* mods-for-melon-playgorund */,
				53FE7FDD2B2790B700AAD9B6 /* Products */,
			);
			sourceTree = "<group>";
		};
		53FE7FDD2B2790B700AAD9B6 /* Products */ = {
			isa = PBXGroup;
			children = (
				53FE7FDC2B2790B700AAD9B6 /* mods-for-melon-playgorund.app */,
			);
			name = Products;
			sourceTree = "<group>";
		};
		53FE7FDE2B2790B700AAD9B6 /* mods-for-melon-playgorund */ = {
			isa = PBXGroup;
			children = (
				53FE7FDF2B2790B700AAD9B6 /* mods_for_melon_playgorundApp.swift */,
				53FE7FE12B2790B700AAD9B6 /* ContentView.swift */,
				53FE7FE32B2790B800AAD9B6 /* Assets.xcassets */,
				53FE7FE82B2790B800AAD9B6 /* Persistence.swift */,
				53FE7FEA2B2790B800AAD9B6 /* mods_for_melon_playgorund.xcdatamodeld */,
				53FE7FE52B2790B800AAD9B6 /* Preview Content */,
			);
			path = "mods-for-melon-playgorund";
			sourceTree = "<group>";
		};
		53FE7FE52B2790B800AAD9B6 /* Preview Content */ = {
			isa = PBXGroup;
			children = (
				53FE7FE62B2790B800AAD9B6 /* Preview Assets.xcassets */,
			);
			path = "Preview Content";
			sourceTree = "<group>";
		};
/* End PBXGroup section */

/* Begin PBXNativeTarget section */
		53FE7FDB2B2790B700AAD9B6 /* mods-for-melon-playgorund */ = {
			isa = PBXNativeTarget;
			buildConfigurationList = 53FE7FEF2B2790B800AAD9B6 /* Build configuration list for PBXNativeTarget "mods-for-melon-playgorund" */;
			buildPhases = (
				53FE7FD82B2790B700AAD9B6 /* Sources */,
				53FE7FD92B2790B700AAD9B6 /* Frameworks */,
				53FE7FDA2B2790B700AAD9B6 /* Resources */,
			);
			buildRules = (
			);
			dependencies = (
			);
			name = "mods-for-melon-playgorund";
			productName = "mods-for-melon-playgorund";
			productReference = 53FE7FDC2B2790B700AAD9B6 /* mods-for-melon-playgorund.app */;
			productType = "com.apple.product-type.application";
		};
/* End PBXNativeTarget section */

/* Begin PBXProject section */
		53FE7FD42B2790B700AAD9B6 /* Project object */ = {
			isa = PBXProject;
			attributes = {
				BuildIndependentTargetsInParallel = 1;
				LastSwiftUpdateCheck = 1510;
				LastUpgradeCheck = 1510;
				TargetAttributes = {
					53FE7FDB2B2790B700AAD9B6 = {
						CreatedOnToolsVersion = 15.1;
					};
				};
			};
			buildConfigurationList = 53FE7FD72B2790B700AAD9B6 /* Build configuration list for PBXProject "mods-for-melon-playgorund" */;
			compatibilityVersion = "Xcode 14.0";
			developmentRegion = en;
			hasScannedForEncodings = 0;
			knownRegions = (
				en,
				Base,
			);
			mainGroup = 53FE7FD32B2790B700AAD9B6;
			productRefGroup = 53FE7FDD2B2790B700AAD9B6 /* Products */;
			projectDirPath = "";
			projectRoot = "";
			targets = (
				53FE7FDB2B2790B700AAD9B6 /* mods-for-melon-playgorund */,
			);
		};
/* End PBXProject section */

/* Begin PBXResourcesBuildPhase section */
		53FE7FDA2B2790B700AAD9B6 /* Resources */ = {
			isa = PBXResourcesBuildPhase;
			buildActionMask = 2147483647;
			files = (
				53FE7FE72B2790B800AAD9B6 /* Preview Assets.xcassets in Resources */,
				53FE7FE42B2790B800AAD9B6 /* Assets.xcassets in Resources */,
			);
			runOnlyForDeploymentPostprocessing = 0;
		};
/* End PBXResourcesBuildPhase section */

/* Begin PBXSourcesBuildPhase section */
		53FE7FD82B2790B700AAD9B6 /* Sources */ = {
			isa = PBXSourcesBuildPhase;
			buildActionMask = 2147483647;
			files = (
				53FE7FE92B2790B800AAD9B6 /* Persistence.swift in Sources */,
				53FE7FEC2B2790B800AAD9B6 /* mods_for_melon_playgorund.xcdatamodeld in Sources */,
				53FE7FE22B2790B700AAD9B6 /* ContentView.swift in Sources */,
				53FE7FE02B2790B700AAD9B6 /* mods_for_melon_playgorundApp.swift in Sources */,
			);
			runOnlyForDeploymentPostprocessing = 0;
		};
/* End PBXSourcesBuildPhase section */

/* Begin XCBuildConfiguration section */
		53FE7FED2B2790B800AAD9B6 /* Debug */ = {
			isa = XCBuildConfiguration;
			buildSettings = {
				ALWAYS_SEARCH_USER_PATHS = NO;
				ASSETCATALOG_COMPILER_GENERATE_SWIFT_ASSET_SYMBOL_EXTENSIONS = YES;
				CLANG_ANALYZER_NONNULL = YES;
				CLANG_ANALYZER_NUMBER_OBJECT_CONVERSION = YES_AGGRESSIVE;
				CLANG_CXX_LANGUAGE_STANDARD = "gnu++20";
				CLANG_ENABLE_MODULES = YES;
				CLANG_ENABLE_OBJC_ARC = YES;
				CLANG_ENABLE_OBJC_WEAK = YES;
				CLANG_WARN_BLOCK_CAPTURE_AUTORELEASING = YES;
				CLANG_WARN_BOOL_CONVERSION = YES;
				CLANG_WARN_COMMA = YES;
				CLANG_WARN_CONSTANT_CONVERSION = YES;
				CLANG_WARN_DEPRECATED_OBJC_IMPLEMENTATIONS = YES;
				CLANG_WARN_DIRECT_OBJC_ISA_USAGE = YES_ERROR;
				CLANG_WARN_DOCUMENTATION_COMMENTS = YES;
				CLANG_WARN_EMPTY_BODY = YES;
				CLANG_WARN_ENUM_CONVERSION = YES;
				CLANG_WARN_INFINITE_RECURSION = YES;
				CLANG_WARN_INT_CONVERSION = YES;
				CLANG_WARN_NON_LITERAL_NULL_CONVERSION = YES;
				CLANG_WARN_OBJC_IMPLICIT_RETAIN_SELF = YES;
				CLANG_WARN_OBJC_LITERAL_CONVERSION = YES;
				CLANG_WARN_OBJC_ROOT_CLASS = YES_ERROR;
				CLANG_WARN_QUOTED_INCLUDE_IN_FRAMEWORK_HEADER = YES;
				CLANG_WARN_RANGE_LOOP_ANALYSIS = YES;
				CLANG_WARN_STRICT_PROTOTYPES = YES;
				CLANG_WARN_SUSPICIOUS_MOVE = YES;
				CLANG_WARN_UNGUARDED_AVAILABILITY = YES_AGGRESSIVE;
				CLANG_WARN_UNREACHABLE_CODE = YES;
				CLANG_WARN__DUPLICATE_METHOD_MATCH = YES;
				COPY_PHASE_STRIP = NO;
				DEBUG_INFORMATION_FORMAT = dwarf;
				ENABLE_STRICT_OBJC_MSGSEND = YES;
				ENABLE_TESTABILITY = YES;
				ENABLE_USER_SCRIPT_SANDBOXING = YES;
				GCC_C_LANGUAGE_STANDARD = gnu17;
				GCC_DYNAMIC_NO_PIC = NO;
				GCC_NO_COMMON_BLOCKS = YES;
				GCC_OPTIMIZATION_LEVEL = 0;
				GCC_PREPROCESSOR_DEFINITIONS = (
					"DEBUG=1",
					"$(inherited)",
				);
				GCC_WARN_64_TO_32_BIT_CONVERSION = YES;
				GCC_WARN_ABOUT_RETURN_TYPE = YES_ERROR;
				GCC_WARN_UNDECLARED_SELECTOR = YES;
				GCC_WARN_UNINITIALIZED_AUTOS = YES_AGGRESSIVE;
				GCC_WARN_UNUSED_FUNCTION = YES;
				GCC_WARN_UNUSED_VARIABLE = YES;
				IPHONEOS_DEPLOYMENT_TARGET = 17.2;
				LOCALIZATION_PREFERS_STRING_CATALOGS = YES;
				MTL_ENABLE_DEBUG_INFO = INCLUDE_SOURCE;
				MTL_FAST_MATH = YES;
				ONLY_ACTIVE_ARCH = YES;
				SDKROOT = iphoneos;
				SWIFT_ACTIVE_COMPILATION_CONDITIONS = "DEBUG $(inherited)";
				SWIFT_OPTIMIZATION_LEVEL = "-Onone";
			};
			name = Debug;
		};
		53FE7FEE2B2790B800AAD9B6 /* Release */ = {
			isa = XCBuildConfiguration;
			buildSettings = {
				ALWAYS_SEARCH_USER_PATHS = NO;
				ASSETCATALOG_COMPILER_GENERATE_SWIFT_ASSET_SYMBOL_EXTENSIONS = YES;
				CLANG_ANALYZER_NONNULL = YES;
				CLANG_ANALYZER_NUMBER_OBJECT_CONVERSION = YES_AGGRESSIVE;
				CLANG_CXX_LANGUAGE_STANDARD = "gnu++20";
				CLANG_ENABLE_MODULES = YES;
				CLANG_ENABLE_OBJC_ARC = YES;
				CLANG_ENABLE_OBJC_WEAK = YES;
				CLANG_WARN_BLOCK_CAPTURE_AUTORELEASING = YES;
				CLANG_WARN_BOOL_CONVERSION = YES;
				CLANG_WARN_COMMA = YES;
				CLANG_WARN_CONSTANT_CONVERSION = YES;
				CLANG_WARN_DEPRECATED_OBJC_IMPLEMENTATIONS = YES;
				CLANG_WARN_DIRECT_OBJC_ISA_USAGE = YES_ERROR;
				CLANG_WARN_DOCUMENTATION_COMMENTS = YES;
				CLANG_WARN_EMPTY_BODY = YES;
				CLANG_WARN_ENUM_CONVERSION = YES;
				CLANG_WARN_INFINITE_RECURSION = YES;
				CLANG_WARN_INT_CONVERSION = YES;
				CLANG_WARN_NON_LITERAL_NULL_CONVERSION = YES;
				CLANG_WARN_OBJC_IMPLICIT_RETAIN_SELF = YES;
				CLANG_WARN_OBJC_LITERAL_CONVERSION = YES;
				CLANG_WARN_OBJC_ROOT_CLASS = YES_ERROR;
				CLANG_WARN_QUOTED_INCLUDE_IN_FRAMEWORK_HEADER = YES;
				CLANG_WARN_RANGE_LOOP_ANALYSIS = YES;
				CLANG_WARN_STRICT_PROTOTYPES = YES;
				CLANG_WARN_SUSPICIOUS_MOVE = YES;
				CLANG_WARN_UNGUARDED_AVAILABILITY = YES_AGGRESSIVE;
				CLANG_WARN_UNREACHABLE_CODE = YES;
				CLANG_WARN__DUPLICATE_METHOD_MATCH = YES;
				COPY_PHASE_STRIP = NO;
				DEBUG_INFORMATION_FORMAT = "dwarf-with-dsym";
				ENABLE_NS_ASSERTIONS = NO;
				ENABLE_STRICT_OBJC_MSGSEND = YES;
				ENABLE_USER_SCRIPT_SANDBOXING = YES;
				GCC_C_LANGUAGE_STANDARD = gnu17;
				GCC_NO_COMMON_BLOCKS = YES;
				GCC_WARN_64_TO_32_BIT_CONVERSION = YES;
				GCC_WARN_ABOUT_RETURN_TYPE = YES_ERROR;
				GCC_WARN_UNDECLARED_SELECTOR = YES;
				GCC_WARN_UNINITIALIZED_AUTOS = YES_AGGRESSIVE;
				GCC_WARN_UNUSED_FUNCTION = YES;
				GCC_WARN_UNUSED_VARIABLE = YES;
				IPHONEOS_DEPLOYMENT_TARGET = 17.2;
				LOCALIZATION_PREFERS_STRING_CATALOGS = YES;
				MTL_ENABLE_DEBUG_INFO = NO;
				MTL_FAST_MATH = YES;
				SDKROOT = iphoneos;
				SWIFT_COMPILATION_MODE = wholemodule;
				VALIDATE_PRODUCT = YES;
			};
			name = Release;
		};
		53FE7FF02B2790B800AAD9B6 /* Debug */ = {
			isa = XCBuildConfiguration;
			buildSettings = {
				ASSETCATALOG_COMPILER_APPICON_NAME = AppIcon;
				ASSETCATALOG_COMPILER_GLOBAL_ACCENT_COLOR_NAME = AccentColor;
				CODE_SIGN_STYLE = Automatic;
				CURRENT_PROJECT_VERSION = 1;
				DEVELOPMENT_ASSET_PATHS = "\"mods-for-melon-playgorund/Preview Content\"";
				DEVELOPMENT_TEAM = 4LMH8QQN35;
				ENABLE_PREVIEWS = YES;
				GENERATE_INFOPLIST_FILE = YES;
				INFOPLIST_KEY_UIApplicationSceneManifest_Generation = YES;
				INFOPLIST_KEY_UIApplicationSupportsIndirectInputEvents = YES;
				INFOPLIST_KEY_UILaunchScreen_Generation = YES;
				INFOPLIST_KEY_UISupportedInterfaceOrientations_iPad = "UIInterfaceOrientationPortrait UIInterfaceOrientationPortraitUpsideDown UIInterfaceOrientationLandscapeLeft UIInterfaceOrientationLandscapeRight";
				INFOPLIST_KEY_UISupportedInterfaceOrientations_iPhone = "UIInterfaceOrientationPortrait UIInterfaceOrientationLandscapeLeft UIInterfaceOrientationLandscapeRight";
				LD_RUNPATH_SEARCH_PATHS = (
					"$(inherited)",
					"@executable_path/Frameworks",
				);
				MARKETING_VERSION = 1.0;
				PRODUCT_BUNDLE_IDENTIFIER = "com.demax.mods-for-melon-playgorund";
				PRODUCT_NAME = "$(TARGET_NAME)";
				SWIFT_EMIT_LOC_STRINGS = YES;
				SWIFT_VERSION = 5.0;
				TARGETED_DEVICE_FAMILY = "1,2";
			};
			name = Debug;
		};
		53FE7FF12B2790B800AAD9B6 /* Release */ = {
			isa = XCBuildConfiguration;
			buildSettings = {
				ASSETCATALOG_COMPILER_APPICON_NAME = AppIcon;
				ASSETCATALOG_COMPILER_GLOBAL_ACCENT_COLOR_NAME = AccentColor;
				CODE_SIGN_STYLE = Automatic;
				CURRENT_PROJECT_VERSION = 1;
				DEVELOPMENT_ASSET_PATHS = "\"mods-for-melon-playgorund/Preview Content\"";
				DEVELOPMENT_TEAM = 4LMH8QQN35;
				ENABLE_PREVIEWS = YES;
				GENERATE_INFOPLIST_FILE = YES;
				INFOPLIST_KEY_UIApplicationSceneManifest_Generation = YES;
				INFOPLIST_KEY_UIApplicationSupportsIndirectInputEvents = YES;
				INFOPLIST_KEY_UILaunchScreen_Generation = YES;
				INFOPLIST_KEY_UISupportedInterfaceOrientations_iPad = "UIInterfaceOrientationPortrait UIInterfaceOrientationPortraitUpsideDown UIInterfaceOrientationLandscapeLeft UIInterfaceOrientationLandscapeRight";
				INFOPLIST_KEY_UISupportedInterfaceOrientations_iPhone = "UIInterfaceOrientationPortrait UIInterfaceOrientationLandscapeLeft UIInterfaceOrientationLandscapeRight";
				LD_RUNPATH_SEARCH_PATHS = (
					"$(inherited)",
					"@executable_path/Frameworks",
				);
				MARKETING_VERSION = 1.0;
				PRODUCT_BUNDLE_IDENTIFIER = "com.demax.mods-for-melon-playgorund";
				PRODUCT_NAME = "$(TARGET_NAME)";
				SWIFT_EMIT_LOC_STRINGS = YES;
				SWIFT_VERSION = 5.0;
				TARGETED_DEVICE_FAMILY = "1,2";
			};
			name = Release;
		};
/* End XCBuildConfiguration section */

/* Begin XCConfigurationList section */
		53FE7FD72B2790B700AAD9B6 /* Build configuration list for PBXProject "mods-for-melon-playgorund" */ = {
			isa = XCConfigurationList;
			buildConfigurations = (
				53FE7FED2B2790B800AAD9B6 /* Debug */,
				53FE7FEE2B2790B800AAD9B6 /* Release */,
			);
			defaultConfigurationIsVisible = 0;
			defaultConfigurationName = Release;
		};
		53FE7FEF2B2790B800AAD9B6 /* Build configuration list for PBXNativeTarget "mods-for-melon-playgorund" */ = {
			isa = XCConfigurationList;
			buildConfigurations = (
				53FE7FF02B2790B800AAD9B6 /* Debug */,
				53FE7FF12B2790B800AAD9B6 /* Release */,
			);
			defaultConfigurationIsVisible = 0;
			defaultConfigurationName = Release;
		};
/* End XCConfigurationList section */

/* Begin XCVersionGroup section */
		53FE7FEA2B2790B800AAD9B6 /* mods_for_melon_playgorund.xcdatamodeld */ = {
			isa = XCVersionGroup;
			children = (
				53FE7FEB2B2790B800AAD9B6 /* mods_for_melon_playgorund.xcdatamodel */,
			);
			currentVersion = 53FE7FEB2B2790B800AAD9B6 /* mods_for_melon_playgorund.xcdatamodel */;
			path = mods_for_melon_playgorund.xcdatamodeld;
			sourceTree = "<group>";
			versionGroupType = wrapper.xcdatamodel;
		};
/* End XCVersionGroup section */
	};
	rootObject = 53FE7FD42B2790B700AAD9B6 /* Project object */;
}
